Microsoft Visual Studio Solution File, Format Version 8.00
Project("{8BC9CEB8-8B4A-11D0-8D11-00A0C91BC942}") = "dumptoken", "dumptoken\dumptoken.vcproj", "{AA303B95-AE75-4A4B-99ED-6FB4594B4B28}"
	ProjectSection(ProjectDependencies) = postProject
	EndProjectSection
EndProject
Project("{8BC9CEB8-8B4A-11D0-8D11-00A0C91BC942}") = "libsuid", "..\windows-NT\setuid\libsuid\libsuid.vcproj", "{C69895B2-28E6-4E13-BC48-D4BAED3DCC5A}"
	ProjectSection(ProjectDependencies) = postProject
		{E066EF1F-0DD5-4338-ABC9-C413A556AB0F} = {E066EF1F-0DD5-4338-ABC9-C413A556AB0F}
	EndProjectSection
EndProject
Project("{8BC9CEB8-8B4A-11D0-8D11-00A0C91BC942}") = "setuid", "..\windows-NT\setuid\setuid\setuid.vcproj", "{E066EF1F-0DD5-4338-ABC9-C413A556AB0F}"
	ProjectSection(ProjectDependencies) = postProject
	EndProjectSection
EndProject
Project("{8BC9CEB8-8B4A-11D0-8D11-00A0C91BC942}") = "suidtest", "suidtest.vcproj", "{3C61DD27-F69A-4444-A848-A3D98F22DCA8}"
	ProjectSection(ProjectDependencies) = postProject
		{C69895B2-28E6-4E13-BC48-D4BAED3DCC5A} = {C69895B2-28E6-4E13-BC48-D4BAED3DCC5A}
	EndProjectSection
EndProject
Global
	GlobalSection(SolutionConfiguration) = preSolution
		Debug = Debug
		Release = Release
	EndGlobalSection
	GlobalSection(ProjectConfiguration) = postSolution
		{AA303B95-AE75-4A4B-99ED-6FB4594B4B28}.Debug.ActiveCfg = Debug|Win32
		{AA303B95-AE75-4A4B-99ED-6FB4594B4B28}.Debug.Build.0 = Debug|Win32
		{AA303B95-AE75-4A4B-99ED-6FB4594B4B28}.Release.ActiveCfg = Release|Win32
		{AA303B95-AE75-4A4B-99ED-6FB4594B4B28}.Release.Build.0 = Release|Win32
		{C69895B2-28E6-4E13-BC48-D4BAED3DCC5A}.Debug.ActiveCfg = Debug|Win32
		{C69895B2-28E6-4E13-BC48-D4BAED3DCC5A}.Debug.Build.0 = Debug|Win32
		{C69895B2-28E6-4E13-BC48-D4BAED3DCC5A}.Release.ActiveCfg = Release|Win32
		{C69895B2-28E6-4E13-BC48-D4BAED3DCC5A}.Release.Build.0 = Release|Win32
		{E066EF1F-0DD5-4338-ABC9-C413A556AB0F}.Debug.ActiveCfg = Debug|Win32
		{E066EF1F-0DD5-4338-ABC9-C413A556AB0F}.Debug.Build.0 = Debug|Win32
		{E066EF1F-0DD5-4338-ABC9-C413A556AB0F}.Release.ActiveCfg = Release|Win32
		{E066EF1F-0DD5-4338-ABC9-C413A556AB0F}.Release.Build.0 = Release|Win32
		{3C61DD27-F69A-4444-A848-A3D98F22DCA8}.Debug.ActiveCfg = Debug|Win32
		{3C61DD27-F69A-4444-A848-A3D98F22DCA8}.Debug.Build.0 = Debug|Win32
		{3C61DD27-F69A-4444-A848-A3D98F22DCA8}.Release.ActiveCfg = Release|Win32
		{3C61DD27-F69A-4444-A848-A3D98F22DCA8}.Release.Build.0 = Release|Win32
	EndGlobalSection
	GlobalSection(ExtensibilityGlobals) = postSolution
	EndGlobalSection
	GlobalSection(ExtensibilityAddIns) = postSolution
	EndGlobalSection
EndGlobal
