
Microsoft Visual Studio Solution File, Format Version 10.00
# Visual Studio 2008
Project("{54435603-DBB4-11D2-8724-00A0C9A8B90C}") = "VC9RunTimeX64", "VC9RunTimeX64.vdproj", "{570FB35D-4D84-4E8D-9C90-504E1C8C28B6}"
EndProject
Global
	GlobalSection(SolutionConfigurationPlatforms) = preSolution
		Debug|Default = Debug|Default
		Release|Default = Release|Default
	EndGlobalSection
	GlobalSection(ProjectConfigurationPlatforms) = postSolution
		{570FB35D-4D84-4E8D-9C90-504E1C8C28B6}.Debug|Default.ActiveCfg = Debug
		{570FB35D-4D84-4E8D-9C90-504E1C8C28B6}.Debug|Default.Build.0 = Debug
		{570FB35D-4D84-4E8D-9C90-504E1C8C28B6}.Release|Default.ActiveCfg = Release
		{570FB35D-4D84-4E8D-9C90-504E1C8C28B6}.Release|Default.Build.0 = Release
	EndGlobalSection
	GlobalSection(SolutionProperties) = preSolution
		HideSolutionNode = FALSE
	EndGlobalSection
EndGlobal
