Microsoft Visual Studio Solution File, Format Version 12.00
# Visual Studio Version 16
VisualStudioVersion = 16.0.30011.22
MinimumVisualStudioVersion = 10.0.40219.1
Project("{8BC9CEB8-8B4A-11D0-8D11-00A0C91BC942}") = "ufc-crypt", "ufc-crypt\crypt.vcxproj", "{91F671E4-7F2F-4F32-B905-A5A6D1622B9F}"
EndProject
Project("{8BC9CEB8-8B4A-11D0-8D11-00A0C91BC942}") = "cvsnt", "cvsnt.vcxproj", "{43B8C2B3-0526-4121-91F8-F218ABC1D0C2}"
EndProject
Project("{8BC9CEB8-8B4A-11D0-8D11-00A0C91BC942}") = "cvsservice", "cvsservice\cvsservice.vcxproj", "{F6DC1E90-8EFC-4D11-8D44-DAD00CF734DA}"
EndProject
Project("{8BC9CEB8-8B4A-11D0-8D11-00A0C91BC942}") = "ext", "protocols\ext_protocol.vcxproj", "{00725064-BF63-4724-9FB4-740EABE62CEC}"
EndProject
Project("{8BC9CEB8-8B4A-11D0-8D11-00A0C91BC942}") = "fork", "protocols\fork_protocol.vcxproj", "{5D695560-5DD9-4EF5-9B2E-D609D1A05324}"
EndProject
Project("{8BC9CEB8-8B4A-11D0-8D11-00A0C91BC942}") = "libdiff", "diff\libdiff.vcxproj", "{5CD43033-B004-4886-8E4D-3A622A7AD677}"
EndProject
Project("{8BC9CEB8-8B4A-11D0-8D11-00A0C91BC942}") = "postinst", "postinst\postinst.vcxproj", "{E55F4833-F513-4F88-89AB-BCC2E39F81D8}"
EndProject
Project("{8BC9CEB8-8B4A-11D0-8D11-00A0C91BC942}") = "gserver", "protocols\gserver_protocol_ad.vcxproj", "{C05BD8F3-7197-4B4B-9DFE-EB014490F51C}"
EndProject
Project("{8BC9CEB8-8B4A-11D0-8D11-00A0C91BC942}") = "pserver", "protocols\pserver_protocol.vcxproj", "{68D18485-174E-46BB-A1FC-132DDCCC2EE0}"
EndProject
Project("{8BC9CEB8-8B4A-11D0-8D11-00A0C91BC942}") = "sspi", "protocols\sspi_protocol.vcxproj", "{AFF96908-CC5E-40D2-94FC-78090D420832}"
EndProject
Project("{8BC9CEB8-8B4A-11D0-8D11-00A0C91BC942}") = "cvsntcpl", "cvsntcpl\cvsntcpl.vcxproj", "{EC35C4F3-4DC4-4B87-B884-9DAAA8398BD8}"
	ProjectSection(ProjectDependencies) = postProject
		{BCF71D75-2C0F-4B0F-967E-20D2EE52AB08} = {BCF71D75-2C0F-4B0F-967E-20D2EE52AB08}
		{E634DE84-6C6C-4111-90AF-CC9EE0BE9EC9} = {E634DE84-6C6C-4111-90AF-CC9EE0BE9EC9}
		{F6DC1E90-8EFC-4D11-8D44-DAD00CF734DA} = {F6DC1E90-8EFC-4D11-8D44-DAD00CF734DA}
		{5F0B4A94-9332-45D5-881E-F9F4C4CD03F6} = {5F0B4A94-9332-45D5-881E-F9F4C4CD03F6}
	EndProjectSection
EndProject
Project("{8BC9CEB8-8B4A-11D0-8D11-00A0C91BC942}") = "cvslock", "lockservice\lockservice.vcxproj", "{44F87A6B-B243-4961-9236-2498E4695331}"
EndProject
Project("{8BC9CEB8-8B4A-11D0-8D11-00A0C91BC942}") = "gss-ad", "windows-NT\gss-ad\gss-ad.vcxproj", "{44D20481-5119-4D1B-A194-A7B5AEF9C23C}"
EndProject
Project("{8BC9CEB8-8B4A-11D0-8D11-00A0C91BC942}") = "server", "protocols\server_protocol.vcxproj", "{6FED639C-5FE8-4FDF-ABE8-F720947AC9A1}"
EndProject
Project("{8BC9CEB8-8B4A-11D0-8D11-00A0C91BC942}") = "ssh", "protocols\ssh_protocol.vcxproj", "{A8630794-5C8B-4B7F-AF1B-DF12FD6C397F}"
EndProject
Project("{8BC9CEB8-8B4A-11D0-8D11-00A0C91BC942}") = "plink", "plink\plink.vcxproj", "{FE571818-1B67-41FB-B49D-850D650CF661}"
EndProject
Project("{8BC9CEB8-8B4A-11D0-8D11-00A0C91BC942}") = "sserver", "protocols\sserver_protocol.vcxproj", "{7B67F987-4BBB-4FD4-B537-77BF79ABD04F}"
EndProject
Project("{8BC9CEB8-8B4A-11D0-8D11-00A0C91BC942}") = "co", "rcs\co.vcxproj", "{433007AA-2C03-481D-B56B-5FA6840D343D}"
EndProject
Project("{8BC9CEB8-8B4A-11D0-8D11-00A0C91BC942}") = "zlib", "zlib\win32\zlib.vcxproj", "{2C1A99CD-4854-4064-9484-F1EB57F366E5}"
EndProject
Project("{8BC9CEB8-8B4A-11D0-8D11-00A0C91BC942}") = "cvsdelta", "cvsdelta\cvsdelta.vcxproj", "{6674B4DB-2A9A-4D36-B1B6-38796B6D4689}"
EndProject
Project("{8BC9CEB8-8B4A-11D0-8D11-00A0C91BC942}") = "libsuid", "windows-NT\setuid\libsuid\libsuid.vcxproj", "{C69895B2-28E6-4E13-BC48-D4BAED3DCC5A}"
EndProject
Project("{8BC9CEB8-8B4A-11D0-8D11-00A0C91BC942}") = "setuid", "windows-NT\setuid\setuid\setuid.vcxproj", "{E066EF1F-0DD5-4338-ABC9-C413A556AB0F}"
EndProject
Project("{8BC9CEB8-8B4A-11D0-8D11-00A0C91BC942}") = "cvsagent", "cvsagent\win32\cvsagent.vcxproj", "{A6BB2070-E9A8-442C-BC75-577EEE7382BA}"
	ProjectSection(ProjectDependencies) = postProject
		{E634DE84-6C6C-4111-90AF-CC9EE0BE9EC9} = {E634DE84-6C6C-4111-90AF-CC9EE0BE9EC9}
	EndProjectSection
EndProject
Project("{8BC9CEB8-8B4A-11D0-8D11-00A0C91BC942}") = "cvsdiag", "windows-NT\cvsdiag\cvsdiag.vcxproj", "{CCE61C64-AC44-40E2-8E75-034C8F60834F}"
EndProject
Project("{8BC9CEB8-8B4A-11D0-8D11-00A0C91BC942}") = "su", "su\su.vcxproj", "{3C61DD27-F69A-4444-A848-A3D98F22DCA8}"
EndProject
Project("{8BC9CEB8-8B4A-11D0-8D11-00A0C91BC942}") = "extnt", "extnt\extnt.vcxproj", "{ADC6AA27-C931-4C72-934B-7C3E81929F07}"
EndProject
Project("{8BC9CEB8-8B4A-11D0-8D11-00A0C91BC942}") = "cvscontrol", "control-panel\cvscontrol.vcxproj", "{03C78F20-271D-4E1B-8440-255E4B2939F3}"
EndProject
Project("{8BC9CEB8-8B4A-11D0-8D11-00A0C91BC942}") = "gnulib", "lib\gnulib.vcxproj", "{2B05202E-5DD0-4543-99B9-188A23E8139D}"
EndProject
Project("{8BC9CEB8-8B4A-11D0-8D11-00A0C91BC942}") = "cvsapi", "cvsapi\cvsapi.vcxproj", "{BCF71D75-2C0F-4B0F-967E-20D2EE52AB08}"
EndProject
Project("{8BC9CEB8-8B4A-11D0-8D11-00A0C91BC942}") = "xml", "xdiff\xml_xdiff.vcxproj", "{D8FDB582-57E3-40DE-9F35-9764EB1E4148}"
EndProject
Project("{8BC9CEB8-8B4A-11D0-8D11-00A0C91BC942}") = "genbuild", "genbuild\genbuild.vcxproj", "{E634DE84-6C6C-4111-90AF-CC9EE0BE9EC9}"
EndProject
Project("{8BC9CEB8-8B4A-11D0-8D11-00A0C91BC942}") = "info", "triggers\info_triggers.vcxproj", "{B927591E-977E-41E9-A2A1-C701F39E426A}"
EndProject
Project("{8BC9CEB8-8B4A-11D0-8D11-00A0C91BC942}") = "cvsgui", "cvsgui\cvsgui.vcxproj", "{EDF87796-6F09-4C8A-8202-77ADDB81284B}"
EndProject
Project("{8BC9CEB8-8B4A-11D0-8D11-00A0C91BC942}") = "pcre", "pcre\pcre.vcxproj", "{61D75468-3718-47EE-BF14-7B1CA51BBAD6}"
EndProject
Project("{8BC9CEB8-8B4A-11D0-8D11-00A0C91BC942}") = "script", "triggers\script_trigger.vcxproj", "{A5EFF26A-60FC-42D4-AB5C-E4159E5672AE}"
EndProject
Project("{8BC9CEB8-8B4A-11D0-8D11-00A0C91BC942}") = "enum", "protocols\enum_protocol.vcxproj", "{2F90C820-CD6E-4BA2-A6A1-339147E508AA}"
EndProject
Project("{8BC9CEB8-8B4A-11D0-8D11-00A0C91BC942}") = "mdnsclient", "mdnsclient\mdnsclient.vcxproj", "{3623B3B4-90A1-4FC4-B0C3-98580C2A69DA}"
EndProject
Project("{8BC9CEB8-8B4A-11D0-8D11-00A0C91BC942}") = "email", "triggers\email_trigger.vcxproj", "{CE1BF5E4-822E-49BB-ACD6-3251CE7D0B67}"
EndProject
Project("{8BC9CEB8-8B4A-11D0-8D11-00A0C91BC942}") = "audit", "triggers\audit_trigger.vcxproj", "{530EC8E4-2422-45EE-9289-0091A4E8E083}"
EndProject
Project("{8BC9CEB8-8B4A-11D0-8D11-00A0C91BC942}") = "checkout", "triggers\checkout_trigger.vcxproj", "{32F96195-E679-4DE4-8B8B-27D2A3CE1014}"
EndProject
Project("{8BC9CEB8-8B4A-11D0-8D11-00A0C91BC942}") = "cvstools", "cvstools\cvstools.vcxproj", "{5F0B4A94-9332-45D5-881E-F9F4C4CD03F6}"
EndProject
Project("{8BC9CEB8-8B4A-11D0-8D11-00A0C91BC942}") = "rcsdiff", "rcs\rcsdiff.vcxproj", "{45866BA8-03B2-40FC-9CA5-1BB7A17B10A1}"
EndProject
Project("{8BC9CEB8-8B4A-11D0-8D11-00A0C91BC942}") = "rlog", "rcs\rlog.vcxproj", "{9E7B849C-CB9C-499B-B2B2-ECA70C5784D2}"
EndProject
Project("{8BC9CEB8-8B4A-11D0-8D11-00A0C91BC942}") = "genkey", "genkey\genkey.vcxproj", "{C2CD3641-0F72-4C10-852B-CAA694D28E86}"
EndProject
Project("{8BC9CEB8-8B4A-11D0-8D11-00A0C91BC942}") = "uninsthlp", "uninsthlp\uninsthlp.vcxproj", "{84E063F1-80EF-432B-93A3-90C3159F16DE}"
EndProject
Project("{8BC9CEB8-8B4A-11D0-8D11-00A0C91BC942}") = "odbc", "cvsapi\db\odbc\odbc_database.vcxproj", "{F624DF2B-5C4C-4FB6-B793-C06C96992589}"
EndProject
Project("{8BC9CEB8-8B4A-11D0-8D11-00A0C91BC942}") = "mini", "cvsapi\mdns\mini\mdns_mini.vcxproj", "{D3CE7E0C-BA79-46DD-A495-6C14E38A9D87}"
EndProject
Project("{8BC9CEB8-8B4A-11D0-8D11-00A0C91BC942}") = "apple", "cvsapi\mdns\apple\mdns_apple.vcxproj", "{A87170B9-C98D-49B1-A54F-EE38DDAFA1DF}"
EndProject
Project("{8BC9CEB8-8B4A-11D0-8D11-00A0C91BC942}") = "sqlite", "cvsapi\db\sqlite\sqlite_database.vcxproj", "{FABD4AB4-2B79-476C-8A28-EA9406AFFB15}"
EndProject
Project("{8BC9CEB8-8B4A-11D0-8D11-00A0C91BC942}") = "installer", "windows-NT\installer\installer.vcxproj", "{5D49CC40-A394-4779-95E4-578B243E0FA3}"
EndProject
Project("{8BC9CEB8-8B4A-11D0-8D11-00A0C91BC942}") = "libxml2", "libxml\win32\libxml2.vcxproj", "{A2BE1C87-2A3B-4252-A388-E19DB50ABA7B}"
EndProject
Project("{8BC9CEB8-8B4A-11D0-8D11-00A0C91BC942}") = "zstd", "zstd\zstd.vcxproj", "{749F2EAB-B9E4-4A19-9F65-FDDED97FA75D}"
EndProject
Project("{8BC9CEB8-8B4A-11D0-8D11-00A0C91BC942}") = "blake3", "blake3\blake3.vcxproj", "{418F49C2-AAEB-4B87-A65B-158E9945DB3D}"
EndProject
Project("{8BC9CEB8-8B4A-11D0-8D11-00A0C91BC942}") = "ca_blobs_fs", "ca_blobs_fs\ca_blobs_fs.vcxproj", "{8D3C11A5-B8D2-4A08-A736-0036A4FA1AA0}"
EndProject
Project("{8BC9CEB8-8B4A-11D0-8D11-00A0C91BC942}") = "clientLib", "keyValueServer\clientLib\clientLib.vcxproj", "{8ED98E97-7ABE-4460-8C5B-2B626D4AB724}"
EndProject
Project("{8BC9CEB8-8B4A-11D0-8D11-00A0C91BC942}") = "rcs_convert", "rcs_convert.vcxproj", "{E02D98C1-D49E-417A-8F36-7AB27E831626}"
EndProject
Global
	GlobalSection(SolutionConfigurationPlatforms) = preSolution
		Debug - amd64|Win32 = Debug - amd64|Win32
		Debug - amd64|x64 = Debug - amd64|x64
		Debug|Win32 = Debug|Win32
		Debug|x64 = Debug|x64
		Release - amd64|Win32 = Release - amd64|Win32
		Release - amd64|x64 = Release - amd64|x64
		Release|Win32 = Release|Win32
		Release|x64 = Release|x64
	EndGlobalSection
	GlobalSection(ProjectConfigurationPlatforms) = postSolution
		{91F671E4-7F2F-4F32-B905-A5A6D1622B9F}.Debug - amd64|Win32.ActiveCfg = Debug|Win32
		{91F671E4-7F2F-4F32-B905-A5A6D1622B9F}.Debug - amd64|Win32.Build.0 = Debug|Win32
		{91F671E4-7F2F-4F32-B905-A5A6D1622B9F}.Debug - amd64|x64.ActiveCfg = Debug|x64
		{91F671E4-7F2F-4F32-B905-A5A6D1622B9F}.Debug - amd64|x64.Build.0 = Debug|x64
		{91F671E4-7F2F-4F32-B905-A5A6D1622B9F}.Debug|Win32.ActiveCfg = Debug|Win32
		{91F671E4-7F2F-4F32-B905-A5A6D1622B9F}.Debug|Win32.Build.0 = Debug|Win32
		{91F671E4-7F2F-4F32-B905-A5A6D1622B9F}.Debug|x64.ActiveCfg = Debug|x64
		{91F671E4-7F2F-4F32-B905-A5A6D1622B9F}.Debug|x64.Build.0 = Debug|x64
		{91F671E4-7F2F-4F32-B905-A5A6D1622B9F}.Release - amd64|Win32.ActiveCfg = Release|Win32
		{91F671E4-7F2F-4F32-B905-A5A6D1622B9F}.Release - amd64|Win32.Build.0 = Release|Win32
		{91F671E4-7F2F-4F32-B905-A5A6D1622B9F}.Release - amd64|x64.ActiveCfg = Release|x64
		{91F671E4-7F2F-4F32-B905-A5A6D1622B9F}.Release - amd64|x64.Build.0 = Release|x64
		{91F671E4-7F2F-4F32-B905-A5A6D1622B9F}.Release|Win32.ActiveCfg = Release|Win32
		{91F671E4-7F2F-4F32-B905-A5A6D1622B9F}.Release|Win32.Build.0 = Release|Win32
		{91F671E4-7F2F-4F32-B905-A5A6D1622B9F}.Release|x64.ActiveCfg = Release|x64
		{91F671E4-7F2F-4F32-B905-A5A6D1622B9F}.Release|x64.Build.0 = Release|x64
		{43B8C2B3-0526-4121-91F8-F218ABC1D0C2}.Debug - amd64|Win32.ActiveCfg = Debug|Win32
		{43B8C2B3-0526-4121-91F8-F218ABC1D0C2}.Debug - amd64|Win32.Build.0 = Debug|Win32
		{43B8C2B3-0526-4121-91F8-F218ABC1D0C2}.Debug - amd64|x64.ActiveCfg = Debug|x64
		{43B8C2B3-0526-4121-91F8-F218ABC1D0C2}.Debug - amd64|x64.Build.0 = Debug|x64
		{43B8C2B3-0526-4121-91F8-F218ABC1D0C2}.Debug|Win32.ActiveCfg = Debug|Win32
		{43B8C2B3-0526-4121-91F8-F218ABC1D0C2}.Debug|Win32.Build.0 = Debug|Win32
		{43B8C2B3-0526-4121-91F8-F218ABC1D0C2}.Debug|x64.ActiveCfg = Debug|x64
		{43B8C2B3-0526-4121-91F8-F218ABC1D0C2}.Debug|x64.Build.0 = Debug|x64
		{43B8C2B3-0526-4121-91F8-F218ABC1D0C2}.Release - amd64|Win32.ActiveCfg = Release|Win32
		{43B8C2B3-0526-4121-91F8-F218ABC1D0C2}.Release - amd64|Win32.Build.0 = Release|Win32
		{43B8C2B3-0526-4121-91F8-F218ABC1D0C2}.Release - amd64|x64.ActiveCfg = Release|x64
		{43B8C2B3-0526-4121-91F8-F218ABC1D0C2}.Release - amd64|x64.Build.0 = Release|x64
		{43B8C2B3-0526-4121-91F8-F218ABC1D0C2}.Release|Win32.ActiveCfg = Release|Win32
		{43B8C2B3-0526-4121-91F8-F218ABC1D0C2}.Release|Win32.Build.0 = Release|Win32
		{43B8C2B3-0526-4121-91F8-F218ABC1D0C2}.Release|x64.ActiveCfg = Release|x64
		{43B8C2B3-0526-4121-91F8-F218ABC1D0C2}.Release|x64.Build.0 = Release|x64
		{F6DC1E90-8EFC-4D11-8D44-DAD00CF734DA}.Debug - amd64|Win32.ActiveCfg = Debug|Win32
		{F6DC1E90-8EFC-4D11-8D44-DAD00CF734DA}.Debug - amd64|Win32.Build.0 = Debug|Win32
		{F6DC1E90-8EFC-4D11-8D44-DAD00CF734DA}.Debug - amd64|x64.ActiveCfg = Debug|x64
		{F6DC1E90-8EFC-4D11-8D44-DAD00CF734DA}.Debug - amd64|x64.Build.0 = Debug|x64
		{F6DC1E90-8EFC-4D11-8D44-DAD00CF734DA}.Debug|Win32.ActiveCfg = Debug|Win32
		{F6DC1E90-8EFC-4D11-8D44-DAD00CF734DA}.Debug|Win32.Build.0 = Debug|Win32
		{F6DC1E90-8EFC-4D11-8D44-DAD00CF734DA}.Debug|x64.ActiveCfg = Debug|x64
		{F6DC1E90-8EFC-4D11-8D44-DAD00CF734DA}.Debug|x64.Build.0 = Debug|x64
		{F6DC1E90-8EFC-4D11-8D44-DAD00CF734DA}.Release - amd64|Win32.ActiveCfg = Release|Win32
		{F6DC1E90-8EFC-4D11-8D44-DAD00CF734DA}.Release - amd64|Win32.Build.0 = Release|Win32
		{F6DC1E90-8EFC-4D11-8D44-DAD00CF734DA}.Release - amd64|x64.ActiveCfg = Release|x64
		{F6DC1E90-8EFC-4D11-8D44-DAD00CF734DA}.Release - amd64|x64.Build.0 = Release|x64
		{F6DC1E90-8EFC-4D11-8D44-DAD00CF734DA}.Release|Win32.ActiveCfg = Release|Win32
		{F6DC1E90-8EFC-4D11-8D44-DAD00CF734DA}.Release|Win32.Build.0 = Release|Win32
		{F6DC1E90-8EFC-4D11-8D44-DAD00CF734DA}.Release|x64.ActiveCfg = Release|x64
		{F6DC1E90-8EFC-4D11-8D44-DAD00CF734DA}.Release|x64.Build.0 = Release|x64
		{00725064-BF63-4724-9FB4-740EABE62CEC}.Debug - amd64|Win32.ActiveCfg = Debug|Win32
		{00725064-BF63-4724-9FB4-740EABE62CEC}.Debug - amd64|Win32.Build.0 = Debug|Win32
		{00725064-BF63-4724-9FB4-740EABE62CEC}.Debug - amd64|x64.ActiveCfg = Debug|x64
		{00725064-BF63-4724-9FB4-740EABE62CEC}.Debug - amd64|x64.Build.0 = Debug|x64
		{00725064-BF63-4724-9FB4-740EABE62CEC}.Debug|Win32.ActiveCfg = Debug|Win32
		{00725064-BF63-4724-9FB4-740EABE62CEC}.Debug|Win32.Build.0 = Debug|Win32
		{00725064-BF63-4724-9FB4-740EABE62CEC}.Debug|x64.ActiveCfg = Debug|x64
		{00725064-BF63-4724-9FB4-740EABE62CEC}.Debug|x64.Build.0 = Debug|x64
		{00725064-BF63-4724-9FB4-740EABE62CEC}.Release - amd64|Win32.ActiveCfg = Release|Win32
		{00725064-BF63-4724-9FB4-740EABE62CEC}.Release - amd64|Win32.Build.0 = Release|Win32
		{00725064-BF63-4724-9FB4-740EABE62CEC}.Release - amd64|x64.ActiveCfg = Release|x64
		{00725064-BF63-4724-9FB4-740EABE62CEC}.Release - amd64|x64.Build.0 = Release|x64
		{00725064-BF63-4724-9FB4-740EABE62CEC}.Release|Win32.ActiveCfg = Release|Win32
		{00725064-BF63-4724-9FB4-740EABE62CEC}.Release|Win32.Build.0 = Release|Win32
		{00725064-BF63-4724-9FB4-740EABE62CEC}.Release|x64.ActiveCfg = Release|x64
		{00725064-BF63-4724-9FB4-740EABE62CEC}.Release|x64.Build.0 = Release|x64
		{5D695560-5DD9-4EF5-9B2E-D609D1A05324}.Debug - amd64|Win32.ActiveCfg = Debug|Win32
		{5D695560-5DD9-4EF5-9B2E-D609D1A05324}.Debug - amd64|Win32.Build.0 = Debug|Win32
		{5D695560-5DD9-4EF5-9B2E-D609D1A05324}.Debug - amd64|x64.ActiveCfg = Debug|x64
		{5D695560-5DD9-4EF5-9B2E-D609D1A05324}.Debug - amd64|x64.Build.0 = Debug|x64
		{5D695560-5DD9-4EF5-9B2E-D609D1A05324}.Debug|Win32.ActiveCfg = Debug|Win32
		{5D695560-5DD9-4EF5-9B2E-D609D1A05324}.Debug|Win32.Build.0 = Debug|Win32
		{5D695560-5DD9-4EF5-9B2E-D609D1A05324}.Debug|x64.ActiveCfg = Debug|x64
		{5D695560-5DD9-4EF5-9B2E-D609D1A05324}.Debug|x64.Build.0 = Debug|x64
		{5D695560-5DD9-4EF5-9B2E-D609D1A05324}.Release - amd64|Win32.ActiveCfg = Release|Win32
		{5D695560-5DD9-4EF5-9B2E-D609D1A05324}.Release - amd64|Win32.Build.0 = Release|Win32
		{5D695560-5DD9-4EF5-9B2E-D609D1A05324}.Release - amd64|x64.ActiveCfg = Release|x64
		{5D695560-5DD9-4EF5-9B2E-D609D1A05324}.Release - amd64|x64.Build.0 = Release|x64
		{5D695560-5DD9-4EF5-9B2E-D609D1A05324}.Release|Win32.ActiveCfg = Release|Win32
		{5D695560-5DD9-4EF5-9B2E-D609D1A05324}.Release|Win32.Build.0 = Release|Win32
		{5D695560-5DD9-4EF5-9B2E-D609D1A05324}.Release|x64.ActiveCfg = Release|x64
		{5D695560-5DD9-4EF5-9B2E-D609D1A05324}.Release|x64.Build.0 = Release|x64
		{5CD43033-B004-4886-8E4D-3A622A7AD677}.Debug - amd64|Win32.ActiveCfg = Debug|Win32
		{5CD43033-B004-4886-8E4D-3A622A7AD677}.Debug - amd64|Win32.Build.0 = Debug|Win32
		{5CD43033-B004-4886-8E4D-3A622A7AD677}.Debug - amd64|x64.ActiveCfg = Debug|x64
		{5CD43033-B004-4886-8E4D-3A622A7AD677}.Debug - amd64|x64.Build.0 = Debug|x64
		{5CD43033-B004-4886-8E4D-3A622A7AD677}.Debug|Win32.ActiveCfg = Debug|Win32
		{5CD43033-B004-4886-8E4D-3A622A7AD677}.Debug|Win32.Build.0 = Debug|Win32
		{5CD43033-B004-4886-8E4D-3A622A7AD677}.Debug|x64.ActiveCfg = Debug|x64
		{5CD43033-B004-4886-8E4D-3A622A7AD677}.Debug|x64.Build.0 = Debug|x64
		{5CD43033-B004-4886-8E4D-3A622A7AD677}.Release - amd64|Win32.ActiveCfg = Release|Win32
		{5CD43033-B004-4886-8E4D-3A622A7AD677}.Release - amd64|Win32.Build.0 = Release|Win32
		{5CD43033-B004-4886-8E4D-3A622A7AD677}.Release - amd64|x64.ActiveCfg = Release|x64
		{5CD43033-B004-4886-8E4D-3A622A7AD677}.Release - amd64|x64.Build.0 = Release|x64
		{5CD43033-B004-4886-8E4D-3A622A7AD677}.Release|Win32.ActiveCfg = Release|Win32
		{5CD43033-B004-4886-8E4D-3A622A7AD677}.Release|Win32.Build.0 = Release|Win32
		{5CD43033-B004-4886-8E4D-3A622A7AD677}.Release|x64.ActiveCfg = Release|x64
		{5CD43033-B004-4886-8E4D-3A622A7AD677}.Release|x64.Build.0 = Release|x64
		{E55F4833-F513-4F88-89AB-BCC2E39F81D8}.Debug - amd64|Win32.ActiveCfg = Debug|Win32
		{E55F4833-F513-4F88-89AB-BCC2E39F81D8}.Debug - amd64|Win32.Build.0 = Debug|Win32
		{E55F4833-F513-4F88-89AB-BCC2E39F81D8}.Debug - amd64|x64.ActiveCfg = Debug|x64
		{E55F4833-F513-4F88-89AB-BCC2E39F81D8}.Debug - amd64|x64.Build.0 = Debug|x64
		{E55F4833-F513-4F88-89AB-BCC2E39F81D8}.Debug|Win32.ActiveCfg = Debug|Win32
		{E55F4833-F513-4F88-89AB-BCC2E39F81D8}.Debug|Win32.Build.0 = Debug|Win32
		{E55F4833-F513-4F88-89AB-BCC2E39F81D8}.Debug|x64.ActiveCfg = Debug|x64
		{E55F4833-F513-4F88-89AB-BCC2E39F81D8}.Debug|x64.Build.0 = Debug|x64
		{E55F4833-F513-4F88-89AB-BCC2E39F81D8}.Release - amd64|Win32.ActiveCfg = Release|Win32
		{E55F4833-F513-4F88-89AB-BCC2E39F81D8}.Release - amd64|Win32.Build.0 = Release|Win32
		{E55F4833-F513-4F88-89AB-BCC2E39F81D8}.Release - amd64|x64.ActiveCfg = Release|x64
		{E55F4833-F513-4F88-89AB-BCC2E39F81D8}.Release - amd64|x64.Build.0 = Release|x64
		{E55F4833-F513-4F88-89AB-BCC2E39F81D8}.Release|Win32.ActiveCfg = Release|Win32
		{E55F4833-F513-4F88-89AB-BCC2E39F81D8}.Release|Win32.Build.0 = Release|Win32
		{E55F4833-F513-4F88-89AB-BCC2E39F81D8}.Release|x64.ActiveCfg = Release|x64
		{E55F4833-F513-4F88-89AB-BCC2E39F81D8}.Release|x64.Build.0 = Release|x64
		{C05BD8F3-7197-4B4B-9DFE-EB014490F51C}.Debug - amd64|Win32.ActiveCfg = Debug|Win32
		{C05BD8F3-7197-4B4B-9DFE-EB014490F51C}.Debug - amd64|Win32.Build.0 = Debug|Win32
		{C05BD8F3-7197-4B4B-9DFE-EB014490F51C}.Debug - amd64|x64.ActiveCfg = Debug|x64
		{C05BD8F3-7197-4B4B-9DFE-EB014490F51C}.Debug - amd64|x64.Build.0 = Debug|x64
		{C05BD8F3-7197-4B4B-9DFE-EB014490F51C}.Debug|Win32.ActiveCfg = Debug|Win32
		{C05BD8F3-7197-4B4B-9DFE-EB014490F51C}.Debug|Win32.Build.0 = Debug|Win32
		{C05BD8F3-7197-4B4B-9DFE-EB014490F51C}.Debug|x64.ActiveCfg = Debug|x64
		{C05BD8F3-7197-4B4B-9DFE-EB014490F51C}.Debug|x64.Build.0 = Debug|x64
		{C05BD8F3-7197-4B4B-9DFE-EB014490F51C}.Release - amd64|Win32.ActiveCfg = Release|Win32
		{C05BD8F3-7197-4B4B-9DFE-EB014490F51C}.Release - amd64|Win32.Build.0 = Release|Win32
		{C05BD8F3-7197-4B4B-9DFE-EB014490F51C}.Release - amd64|x64.ActiveCfg = Release|x64
		{C05BD8F3-7197-4B4B-9DFE-EB014490F51C}.Release - amd64|x64.Build.0 = Release|x64
		{C05BD8F3-7197-4B4B-9DFE-EB014490F51C}.Release|Win32.ActiveCfg = Release|Win32
		{C05BD8F3-7197-4B4B-9DFE-EB014490F51C}.Release|Win32.Build.0 = Release|Win32
		{C05BD8F3-7197-4B4B-9DFE-EB014490F51C}.Release|x64.ActiveCfg = Release|x64
		{C05BD8F3-7197-4B4B-9DFE-EB014490F51C}.Release|x64.Build.0 = Release|x64
		{68D18485-174E-46BB-A1FC-132DDCCC2EE0}.Debug - amd64|Win32.ActiveCfg = Debug|Win32
		{68D18485-174E-46BB-A1FC-132DDCCC2EE0}.Debug - amd64|Win32.Build.0 = Debug|Win32
		{68D18485-174E-46BB-A1FC-132DDCCC2EE0}.Debug - amd64|x64.ActiveCfg = Debug|x64
		{68D18485-174E-46BB-A1FC-132DDCCC2EE0}.Debug - amd64|x64.Build.0 = Debug|x64
		{68D18485-174E-46BB-A1FC-132DDCCC2EE0}.Debug|Win32.ActiveCfg = Debug|Win32
		{68D18485-174E-46BB-A1FC-132DDCCC2EE0}.Debug|Win32.Build.0 = Debug|Win32
		{68D18485-174E-46BB-A1FC-132DDCCC2EE0}.Debug|x64.ActiveCfg = Debug|x64
		{68D18485-174E-46BB-A1FC-132DDCCC2EE0}.Debug|x64.Build.0 = Debug|x64
		{68D18485-174E-46BB-A1FC-132DDCCC2EE0}.Release - amd64|Win32.ActiveCfg = Release|Win32
		{68D18485-174E-46BB-A1FC-132DDCCC2EE0}.Release - amd64|Win32.Build.0 = Release|Win32
		{68D18485-174E-46BB-A1FC-132DDCCC2EE0}.Release - amd64|x64.ActiveCfg = Release|x64
		{68D18485-174E-46BB-A1FC-132DDCCC2EE0}.Release - amd64|x64.Build.0 = Release|x64
		{68D18485-174E-46BB-A1FC-132DDCCC2EE0}.Release|Win32.ActiveCfg = Release|Win32
		{68D18485-174E-46BB-A1FC-132DDCCC2EE0}.Release|Win32.Build.0 = Release|Win32
		{68D18485-174E-46BB-A1FC-132DDCCC2EE0}.Release|x64.ActiveCfg = Release|x64
		{68D18485-174E-46BB-A1FC-132DDCCC2EE0}.Release|x64.Build.0 = Release|x64
		{AFF96908-CC5E-40D2-94FC-78090D420832}.Debug - amd64|Win32.ActiveCfg = Debug|Win32
		{AFF96908-CC5E-40D2-94FC-78090D420832}.Debug - amd64|Win32.Build.0 = Debug|Win32
		{AFF96908-CC5E-40D2-94FC-78090D420832}.Debug - amd64|x64.ActiveCfg = Debug|x64
		{AFF96908-CC5E-40D2-94FC-78090D420832}.Debug - amd64|x64.Build.0 = Debug|x64
		{AFF96908-CC5E-40D2-94FC-78090D420832}.Debug|Win32.ActiveCfg = Debug|Win32
		{AFF96908-CC5E-40D2-94FC-78090D420832}.Debug|Win32.Build.0 = Debug|Win32
		{AFF96908-CC5E-40D2-94FC-78090D420832}.Debug|x64.ActiveCfg = Debug|x64
		{AFF96908-CC5E-40D2-94FC-78090D420832}.Debug|x64.Build.0 = Debug|x64
		{AFF96908-CC5E-40D2-94FC-78090D420832}.Release - amd64|Win32.ActiveCfg = Release|Win32
		{AFF96908-CC5E-40D2-94FC-78090D420832}.Release - amd64|Win32.Build.0 = Release|Win32
		{AFF96908-CC5E-40D2-94FC-78090D420832}.Release - amd64|x64.ActiveCfg = Release|x64
		{AFF96908-CC5E-40D2-94FC-78090D420832}.Release - amd64|x64.Build.0 = Release|x64
		{AFF96908-CC5E-40D2-94FC-78090D420832}.Release|Win32.ActiveCfg = Release|Win32
		{AFF96908-CC5E-40D2-94FC-78090D420832}.Release|Win32.Build.0 = Release|Win32
		{AFF96908-CC5E-40D2-94FC-78090D420832}.Release|x64.ActiveCfg = Release|x64
		{AFF96908-CC5E-40D2-94FC-78090D420832}.Release|x64.Build.0 = Release|x64
		{EC35C4F3-4DC4-4B87-B884-9DAAA8398BD8}.Debug - amd64|Win32.ActiveCfg = Debug|Win32
		{EC35C4F3-4DC4-4B87-B884-9DAAA8398BD8}.Debug - amd64|Win32.Build.0 = Debug|Win32
		{EC35C4F3-4DC4-4B87-B884-9DAAA8398BD8}.Debug - amd64|x64.ActiveCfg = Debug|x64
		{EC35C4F3-4DC4-4B87-B884-9DAAA8398BD8}.Debug - amd64|x64.Build.0 = Debug|x64
		{EC35C4F3-4DC4-4B87-B884-9DAAA8398BD8}.Debug|Win32.ActiveCfg = Debug|Win32
		{EC35C4F3-4DC4-4B87-B884-9DAAA8398BD8}.Debug|Win32.Build.0 = Debug|Win32
		{EC35C4F3-4DC4-4B87-B884-9DAAA8398BD8}.Debug|x64.ActiveCfg = Debug|x64
		{EC35C4F3-4DC4-4B87-B884-9DAAA8398BD8}.Debug|x64.Build.0 = Debug|x64
		{EC35C4F3-4DC4-4B87-B884-9DAAA8398BD8}.Release - amd64|Win32.ActiveCfg = Release|Win32
		{EC35C4F3-4DC4-4B87-B884-9DAAA8398BD8}.Release - amd64|Win32.Build.0 = Release|Win32
		{EC35C4F3-4DC4-4B87-B884-9DAAA8398BD8}.Release - amd64|x64.ActiveCfg = Release|x64
		{EC35C4F3-4DC4-4B87-B884-9DAAA8398BD8}.Release - amd64|x64.Build.0 = Release|x64
		{EC35C4F3-4DC4-4B87-B884-9DAAA8398BD8}.Release|Win32.ActiveCfg = Release|Win32
		{EC35C4F3-4DC4-4B87-B884-9DAAA8398BD8}.Release|Win32.Build.0 = Release|Win32
		{EC35C4F3-4DC4-4B87-B884-9DAAA8398BD8}.Release|x64.ActiveCfg = Release|x64
		{EC35C4F3-4DC4-4B87-B884-9DAAA8398BD8}.Release|x64.Build.0 = Release|x64
		{44F87A6B-B243-4961-9236-2498E4695331}.Debug - amd64|Win32.ActiveCfg = Debug|Win32
		{44F87A6B-B243-4961-9236-2498E4695331}.Debug - amd64|Win32.Build.0 = Debug|Win32
		{44F87A6B-B243-4961-9236-2498E4695331}.Debug - amd64|x64.ActiveCfg = Debug|x64
		{44F87A6B-B243-4961-9236-2498E4695331}.Debug - amd64|x64.Build.0 = Debug|x64
		{44F87A6B-B243-4961-9236-2498E4695331}.Debug|Win32.ActiveCfg = Debug|Win32
		{44F87A6B-B243-4961-9236-2498E4695331}.Debug|Win32.Build.0 = Debug|Win32
		{44F87A6B-B243-4961-9236-2498E4695331}.Debug|x64.ActiveCfg = Debug|x64
		{44F87A6B-B243-4961-9236-2498E4695331}.Debug|x64.Build.0 = Debug|x64
		{44F87A6B-B243-4961-9236-2498E4695331}.Release - amd64|Win32.ActiveCfg = Release|Win32
		{44F87A6B-B243-4961-9236-2498E4695331}.Release - amd64|Win32.Build.0 = Release|Win32
		{44F87A6B-B243-4961-9236-2498E4695331}.Release - amd64|x64.ActiveCfg = Release|x64
		{44F87A6B-B243-4961-9236-2498E4695331}.Release - amd64|x64.Build.0 = Release|x64
		{44F87A6B-B243-4961-9236-2498E4695331}.Release|Win32.ActiveCfg = Release|Win32
		{44F87A6B-B243-4961-9236-2498E4695331}.Release|Win32.Build.0 = Release|Win32
		{44F87A6B-B243-4961-9236-2498E4695331}.Release|x64.ActiveCfg = Release|x64
		{44F87A6B-B243-4961-9236-2498E4695331}.Release|x64.Build.0 = Release|x64
		{44D20481-5119-4D1B-A194-A7B5AEF9C23C}.Debug - amd64|Win32.ActiveCfg = Debug|Win32
		{44D20481-5119-4D1B-A194-A7B5AEF9C23C}.Debug - amd64|Win32.Build.0 = Debug|Win32
		{44D20481-5119-4D1B-A194-A7B5AEF9C23C}.Debug - amd64|x64.ActiveCfg = Debug|x64
		{44D20481-5119-4D1B-A194-A7B5AEF9C23C}.Debug - amd64|x64.Build.0 = Debug|x64
		{44D20481-5119-4D1B-A194-A7B5AEF9C23C}.Debug|Win32.ActiveCfg = Debug|Win32
		{44D20481-5119-4D1B-A194-A7B5AEF9C23C}.Debug|Win32.Build.0 = Debug|Win32
		{44D20481-5119-4D1B-A194-A7B5AEF9C23C}.Debug|x64.ActiveCfg = Debug|x64
		{44D20481-5119-4D1B-A194-A7B5AEF9C23C}.Debug|x64.Build.0 = Debug|x64
		{44D20481-5119-4D1B-A194-A7B5AEF9C23C}.Release - amd64|Win32.ActiveCfg = Release|Win32
		{44D20481-5119-4D1B-A194-A7B5AEF9C23C}.Release - amd64|Win32.Build.0 = Release|Win32
		{44D20481-5119-4D1B-A194-A7B5AEF9C23C}.Release - amd64|x64.ActiveCfg = Release|x64
		{44D20481-5119-4D1B-A194-A7B5AEF9C23C}.Release - amd64|x64.Build.0 = Release|x64
		{44D20481-5119-4D1B-A194-A7B5AEF9C23C}.Release|Win32.ActiveCfg = Release|Win32
		{44D20481-5119-4D1B-A194-A7B5AEF9C23C}.Release|Win32.Build.0 = Release|Win32
		{44D20481-5119-4D1B-A194-A7B5AEF9C23C}.Release|x64.ActiveCfg = Release|x64
		{44D20481-5119-4D1B-A194-A7B5AEF9C23C}.Release|x64.Build.0 = Release|x64
		{6FED639C-5FE8-4FDF-ABE8-F720947AC9A1}.Debug - amd64|Win32.ActiveCfg = Debug|Win32
		{6FED639C-5FE8-4FDF-ABE8-F720947AC9A1}.Debug - amd64|Win32.Build.0 = Debug|Win32
		{6FED639C-5FE8-4FDF-ABE8-F720947AC9A1}.Debug - amd64|x64.ActiveCfg = Debug|x64
		{6FED639C-5FE8-4FDF-ABE8-F720947AC9A1}.Debug - amd64|x64.Build.0 = Debug|x64
		{6FED639C-5FE8-4FDF-ABE8-F720947AC9A1}.Debug|Win32.ActiveCfg = Debug|Win32
		{6FED639C-5FE8-4FDF-ABE8-F720947AC9A1}.Debug|Win32.Build.0 = Debug|Win32
		{6FED639C-5FE8-4FDF-ABE8-F720947AC9A1}.Debug|x64.ActiveCfg = Debug|x64
		{6FED639C-5FE8-4FDF-ABE8-F720947AC9A1}.Debug|x64.Build.0 = Debug|x64
		{6FED639C-5FE8-4FDF-ABE8-F720947AC9A1}.Release - amd64|Win32.ActiveCfg = Release|Win32
		{6FED639C-5FE8-4FDF-ABE8-F720947AC9A1}.Release - amd64|Win32.Build.0 = Release|Win32
		{6FED639C-5FE8-4FDF-ABE8-F720947AC9A1}.Release - amd64|x64.ActiveCfg = Release|x64
		{6FED639C-5FE8-4FDF-ABE8-F720947AC9A1}.Release - amd64|x64.Build.0 = Release|x64
		{6FED639C-5FE8-4FDF-ABE8-F720947AC9A1}.Release|Win32.ActiveCfg = Release|Win32
		{6FED639C-5FE8-4FDF-ABE8-F720947AC9A1}.Release|Win32.Build.0 = Release|Win32
		{6FED639C-5FE8-4FDF-ABE8-F720947AC9A1}.Release|x64.ActiveCfg = Release|x64
		{6FED639C-5FE8-4FDF-ABE8-F720947AC9A1}.Release|x64.Build.0 = Release|x64
		{A8630794-5C8B-4B7F-AF1B-DF12FD6C397F}.Debug - amd64|Win32.ActiveCfg = Debug|Win32
		{A8630794-5C8B-4B7F-AF1B-DF12FD6C397F}.Debug - amd64|Win32.Build.0 = Debug|Win32
		{A8630794-5C8B-4B7F-AF1B-DF12FD6C397F}.Debug - amd64|x64.ActiveCfg = Debug|x64
		{A8630794-5C8B-4B7F-AF1B-DF12FD6C397F}.Debug - amd64|x64.Build.0 = Debug|x64
		{A8630794-5C8B-4B7F-AF1B-DF12FD6C397F}.Debug|Win32.ActiveCfg = Debug|Win32
		{A8630794-5C8B-4B7F-AF1B-DF12FD6C397F}.Debug|Win32.Build.0 = Debug|Win32
		{A8630794-5C8B-4B7F-AF1B-DF12FD6C397F}.Debug|x64.ActiveCfg = Debug|x64
		{A8630794-5C8B-4B7F-AF1B-DF12FD6C397F}.Debug|x64.Build.0 = Debug|x64
		{A8630794-5C8B-4B7F-AF1B-DF12FD6C397F}.Release - amd64|Win32.ActiveCfg = Release|Win32
		{A8630794-5C8B-4B7F-AF1B-DF12FD6C397F}.Release - amd64|Win32.Build.0 = Release|Win32
		{A8630794-5C8B-4B7F-AF1B-DF12FD6C397F}.Release - amd64|x64.ActiveCfg = Release|x64
		{A8630794-5C8B-4B7F-AF1B-DF12FD6C397F}.Release - amd64|x64.Build.0 = Release|x64
		{A8630794-5C8B-4B7F-AF1B-DF12FD6C397F}.Release|Win32.ActiveCfg = Release|Win32
		{A8630794-5C8B-4B7F-AF1B-DF12FD6C397F}.Release|Win32.Build.0 = Release|Win32
		{A8630794-5C8B-4B7F-AF1B-DF12FD6C397F}.Release|x64.ActiveCfg = Release|x64
		{A8630794-5C8B-4B7F-AF1B-DF12FD6C397F}.Release|x64.Build.0 = Release|x64
		{FE571818-1B67-41FB-B49D-850D650CF661}.Debug - amd64|Win32.ActiveCfg = Debug|Win32
		{FE571818-1B67-41FB-B49D-850D650CF661}.Debug - amd64|Win32.Build.0 = Debug|Win32
		{FE571818-1B67-41FB-B49D-850D650CF661}.Debug - amd64|x64.ActiveCfg = Debug|x64
		{FE571818-1B67-41FB-B49D-850D650CF661}.Debug - amd64|x64.Build.0 = Debug|x64
		{FE571818-1B67-41FB-B49D-850D650CF661}.Debug|Win32.ActiveCfg = Debug|Win32
		{FE571818-1B67-41FB-B49D-850D650CF661}.Debug|Win32.Build.0 = Debug|Win32
		{FE571818-1B67-41FB-B49D-850D650CF661}.Debug|x64.ActiveCfg = Debug|x64
		{FE571818-1B67-41FB-B49D-850D650CF661}.Debug|x64.Build.0 = Debug|x64
		{FE571818-1B67-41FB-B49D-850D650CF661}.Release - amd64|Win32.ActiveCfg = Release|Win32
		{FE571818-1B67-41FB-B49D-850D650CF661}.Release - amd64|Win32.Build.0 = Release|Win32
		{FE571818-1B67-41FB-B49D-850D650CF661}.Release - amd64|x64.ActiveCfg = Release|x64
		{FE571818-1B67-41FB-B49D-850D650CF661}.Release - amd64|x64.Build.0 = Release|x64
		{FE571818-1B67-41FB-B49D-850D650CF661}.Release|Win32.ActiveCfg = Release|Win32
		{FE571818-1B67-41FB-B49D-850D650CF661}.Release|Win32.Build.0 = Release|Win32
		{FE571818-1B67-41FB-B49D-850D650CF661}.Release|x64.ActiveCfg = Release|x64
		{FE571818-1B67-41FB-B49D-850D650CF661}.Release|x64.Build.0 = Release|x64
		{7B67F987-4BBB-4FD4-B537-77BF79ABD04F}.Debug - amd64|Win32.ActiveCfg = Debug|Win32
		{7B67F987-4BBB-4FD4-B537-77BF79ABD04F}.Debug - amd64|Win32.Build.0 = Debug|Win32
		{7B67F987-4BBB-4FD4-B537-77BF79ABD04F}.Debug - amd64|x64.ActiveCfg = Debug|x64
		{7B67F987-4BBB-4FD4-B537-77BF79ABD04F}.Debug - amd64|x64.Build.0 = Debug|x64
		{7B67F987-4BBB-4FD4-B537-77BF79ABD04F}.Debug|Win32.ActiveCfg = Debug|Win32
		{7B67F987-4BBB-4FD4-B537-77BF79ABD04F}.Debug|Win32.Build.0 = Debug|Win32
		{7B67F987-4BBB-4FD4-B537-77BF79ABD04F}.Debug|x64.ActiveCfg = Debug|x64
		{7B67F987-4BBB-4FD4-B537-77BF79ABD04F}.Debug|x64.Build.0 = Debug|x64
		{7B67F987-4BBB-4FD4-B537-77BF79ABD04F}.Release - amd64|Win32.ActiveCfg = Release|Win32
		{7B67F987-4BBB-4FD4-B537-77BF79ABD04F}.Release - amd64|Win32.Build.0 = Release|Win32
		{7B67F987-4BBB-4FD4-B537-77BF79ABD04F}.Release - amd64|x64.ActiveCfg = Release|x64
		{7B67F987-4BBB-4FD4-B537-77BF79ABD04F}.Release - amd64|x64.Build.0 = Release|x64
		{7B67F987-4BBB-4FD4-B537-77BF79ABD04F}.Release|Win32.ActiveCfg = Release|Win32
		{7B67F987-4BBB-4FD4-B537-77BF79ABD04F}.Release|Win32.Build.0 = Release|Win32
		{7B67F987-4BBB-4FD4-B537-77BF79ABD04F}.Release|x64.ActiveCfg = Release|x64
		{7B67F987-4BBB-4FD4-B537-77BF79ABD04F}.Release|x64.Build.0 = Release|x64
		{433007AA-2C03-481D-B56B-5FA6840D343D}.Debug - amd64|Win32.ActiveCfg = Debug|Win32
		{433007AA-2C03-481D-B56B-5FA6840D343D}.Debug - amd64|Win32.Build.0 = Debug|Win32
		{433007AA-2C03-481D-B56B-5FA6840D343D}.Debug - amd64|x64.ActiveCfg = Debug|x64
		{433007AA-2C03-481D-B56B-5FA6840D343D}.Debug - amd64|x64.Build.0 = Debug|x64
		{433007AA-2C03-481D-B56B-5FA6840D343D}.Debug|Win32.ActiveCfg = Debug|Win32
		{433007AA-2C03-481D-B56B-5FA6840D343D}.Debug|Win32.Build.0 = Debug|Win32
		{433007AA-2C03-481D-B56B-5FA6840D343D}.Debug|x64.ActiveCfg = Debug|x64
		{433007AA-2C03-481D-B56B-5FA6840D343D}.Debug|x64.Build.0 = Debug|x64
		{433007AA-2C03-481D-B56B-5FA6840D343D}.Release - amd64|Win32.ActiveCfg = Release|Win32
		{433007AA-2C03-481D-B56B-5FA6840D343D}.Release - amd64|Win32.Build.0 = Release|Win32
		{433007AA-2C03-481D-B56B-5FA6840D343D}.Release - amd64|x64.ActiveCfg = Release|x64
		{433007AA-2C03-481D-B56B-5FA6840D343D}.Release - amd64|x64.Build.0 = Release|x64
		{433007AA-2C03-481D-B56B-5FA6840D343D}.Release|Win32.ActiveCfg = Release|Win32
		{433007AA-2C03-481D-B56B-5FA6840D343D}.Release|Win32.Build.0 = Release|Win32
		{433007AA-2C03-481D-B56B-5FA6840D343D}.Release|x64.ActiveCfg = Release|x64
		{433007AA-2C03-481D-B56B-5FA6840D343D}.Release|x64.Build.0 = Release|x64
		{2C1A99CD-4854-4064-9484-F1EB57F366E5}.Debug - amd64|Win32.ActiveCfg = Debug|Win32
		{2C1A99CD-4854-4064-9484-F1EB57F366E5}.Debug - amd64|Win32.Build.0 = Debug|Win32
		{2C1A99CD-4854-4064-9484-F1EB57F366E5}.Debug - amd64|x64.ActiveCfg = Debug|x64
		{2C1A99CD-4854-4064-9484-F1EB57F366E5}.Debug - amd64|x64.Build.0 = Debug|x64
		{2C1A99CD-4854-4064-9484-F1EB57F366E5}.Debug|Win32.ActiveCfg = Debug|Win32
		{2C1A99CD-4854-4064-9484-F1EB57F366E5}.Debug|Win32.Build.0 = Debug|Win32
		{2C1A99CD-4854-4064-9484-F1EB57F366E5}.Debug|x64.ActiveCfg = Debug|x64
		{2C1A99CD-4854-4064-9484-F1EB57F366E5}.Debug|x64.Build.0 = Debug|x64
		{2C1A99CD-4854-4064-9484-F1EB57F366E5}.Release - amd64|Win32.ActiveCfg = Release|Win32
		{2C1A99CD-4854-4064-9484-F1EB57F366E5}.Release - amd64|Win32.Build.0 = Release|Win32
		{2C1A99CD-4854-4064-9484-F1EB57F366E5}.Release - amd64|x64.ActiveCfg = Release|x64
		{2C1A99CD-4854-4064-9484-F1EB57F366E5}.Release - amd64|x64.Build.0 = Release|x64
		{2C1A99CD-4854-4064-9484-F1EB57F366E5}.Release|Win32.ActiveCfg = Release|Win32
		{2C1A99CD-4854-4064-9484-F1EB57F366E5}.Release|Win32.Build.0 = Release|Win32
		{2C1A99CD-4854-4064-9484-F1EB57F366E5}.Release|x64.ActiveCfg = Release|x64
		{2C1A99CD-4854-4064-9484-F1EB57F366E5}.Release|x64.Build.0 = Release|x64
		{6674B4DB-2A9A-4D36-B1B6-38796B6D4689}.Debug - amd64|Win32.ActiveCfg = Debug|Win32
		{6674B4DB-2A9A-4D36-B1B6-38796B6D4689}.Debug - amd64|Win32.Build.0 = Debug|Win32
		{6674B4DB-2A9A-4D36-B1B6-38796B6D4689}.Debug - amd64|x64.ActiveCfg = Debug|x64
		{6674B4DB-2A9A-4D36-B1B6-38796B6D4689}.Debug - amd64|x64.Build.0 = Debug|x64
		{6674B4DB-2A9A-4D36-B1B6-38796B6D4689}.Debug|Win32.ActiveCfg = Debug|Win32
		{6674B4DB-2A9A-4D36-B1B6-38796B6D4689}.Debug|Win32.Build.0 = Debug|Win32
		{6674B4DB-2A9A-4D36-B1B6-38796B6D4689}.Debug|x64.ActiveCfg = Debug|x64
		{6674B4DB-2A9A-4D36-B1B6-38796B6D4689}.Debug|x64.Build.0 = Debug|x64
		{6674B4DB-2A9A-4D36-B1B6-38796B6D4689}.Release - amd64|Win32.ActiveCfg = Release|Win32
		{6674B4DB-2A9A-4D36-B1B6-38796B6D4689}.Release - amd64|Win32.Build.0 = Release|Win32
		{6674B4DB-2A9A-4D36-B1B6-38796B6D4689}.Release - amd64|x64.ActiveCfg = Release|x64
		{6674B4DB-2A9A-4D36-B1B6-38796B6D4689}.Release - amd64|x64.Build.0 = Release|x64
		{6674B4DB-2A9A-4D36-B1B6-38796B6D4689}.Release|Win32.ActiveCfg = Release|Win32
		{6674B4DB-2A9A-4D36-B1B6-38796B6D4689}.Release|Win32.Build.0 = Release|Win32
		{6674B4DB-2A9A-4D36-B1B6-38796B6D4689}.Release|x64.ActiveCfg = Release|x64
		{6674B4DB-2A9A-4D36-B1B6-38796B6D4689}.Release|x64.Build.0 = Release|x64
		{C69895B2-28E6-4E13-BC48-D4BAED3DCC5A}.Debug - amd64|Win32.ActiveCfg = Debug|Win32
		{C69895B2-28E6-4E13-BC48-D4BAED3DCC5A}.Debug - amd64|Win32.Build.0 = Debug|Win32
		{C69895B2-28E6-4E13-BC48-D4BAED3DCC5A}.Debug - amd64|x64.ActiveCfg = Release64|x64
		{C69895B2-28E6-4E13-BC48-D4BAED3DCC5A}.Debug - amd64|x64.Build.0 = Debug|x64
		{C69895B2-28E6-4E13-BC48-D4BAED3DCC5A}.Debug|Win32.ActiveCfg = Debug|Win32
		{C69895B2-28E6-4E13-BC48-D4BAED3DCC5A}.Debug|Win32.Build.0 = Debug|Win32
		{C69895B2-28E6-4E13-BC48-D4BAED3DCC5A}.Debug|x64.ActiveCfg = Debug|x64
		{C69895B2-28E6-4E13-BC48-D4BAED3DCC5A}.Debug|x64.Build.0 = Debug|x64
		{C69895B2-28E6-4E13-BC48-D4BAED3DCC5A}.Release - amd64|Win32.ActiveCfg = Release|Win32
		{C69895B2-28E6-4E13-BC48-D4BAED3DCC5A}.Release - amd64|Win32.Build.0 = Release|Win32
		{C69895B2-28E6-4E13-BC48-D4BAED3DCC5A}.Release - amd64|x64.ActiveCfg = Release64|x64
		{C69895B2-28E6-4E13-BC48-D4BAED3DCC5A}.Release - amd64|x64.Build.0 = Release64|x64
		{C69895B2-28E6-4E13-BC48-D4BAED3DCC5A}.Release|Win32.ActiveCfg = Release|Win32
		{C69895B2-28E6-4E13-BC48-D4BAED3DCC5A}.Release|Win32.Build.0 = Release|Win32
		{C69895B2-28E6-4E13-BC48-D4BAED3DCC5A}.Release|x64.ActiveCfg = Release|x64
		{C69895B2-28E6-4E13-BC48-D4BAED3DCC5A}.Release|x64.Build.0 = Release|x64
		{E066EF1F-0DD5-4338-ABC9-C413A556AB0F}.Debug - amd64|Win32.ActiveCfg = Debug|Win32
		{E066EF1F-0DD5-4338-ABC9-C413A556AB0F}.Debug - amd64|Win32.Build.0 = Debug|Win32
		{E066EF1F-0DD5-4338-ABC9-C413A556AB0F}.Debug - amd64|x64.ActiveCfg = Release64|x64
		{E066EF1F-0DD5-4338-ABC9-C413A556AB0F}.Debug - amd64|x64.Build.0 = Debug|x64
		{E066EF1F-0DD5-4338-ABC9-C413A556AB0F}.Debug|Win32.ActiveCfg = Debug|Win32
		{E066EF1F-0DD5-4338-ABC9-C413A556AB0F}.Debug|Win32.Build.0 = Debug|Win32
		{E066EF1F-0DD5-4338-ABC9-C413A556AB0F}.Debug|x64.ActiveCfg = Debug|x64
		{E066EF1F-0DD5-4338-ABC9-C413A556AB0F}.Debug|x64.Build.0 = Debug|x64
		{E066EF1F-0DD5-4338-ABC9-C413A556AB0F}.Release - amd64|Win32.ActiveCfg = Release|Win32
		{E066EF1F-0DD5-4338-ABC9-C413A556AB0F}.Release - amd64|Win32.Build.0 = Release|Win32
		{E066EF1F-0DD5-4338-ABC9-C413A556AB0F}.Release - amd64|x64.ActiveCfg = Release64|x64
		{E066EF1F-0DD5-4338-ABC9-C413A556AB0F}.Release - amd64|x64.Build.0 = Release64|x64
		{E066EF1F-0DD5-4338-ABC9-C413A556AB0F}.Release|Win32.ActiveCfg = Release|Win32
		{E066EF1F-0DD5-4338-ABC9-C413A556AB0F}.Release|Win32.Build.0 = Release|Win32
		{E066EF1F-0DD5-4338-ABC9-C413A556AB0F}.Release|x64.ActiveCfg = Release|x64
		{E066EF1F-0DD5-4338-ABC9-C413A556AB0F}.Release|x64.Build.0 = Release|x64
		{A6BB2070-E9A8-442C-BC75-577EEE7382BA}.Debug - amd64|Win32.ActiveCfg = Debug|Win32
		{A6BB2070-E9A8-442C-BC75-577EEE7382BA}.Debug - amd64|Win32.Build.0 = Debug|Win32
		{A6BB2070-E9A8-442C-BC75-577EEE7382BA}.Debug - amd64|x64.ActiveCfg = Debug|x64
		{A6BB2070-E9A8-442C-BC75-577EEE7382BA}.Debug - amd64|x64.Build.0 = Debug|x64
		{A6BB2070-E9A8-442C-BC75-577EEE7382BA}.Debug|Win32.ActiveCfg = Debug|Win32
		{A6BB2070-E9A8-442C-BC75-577EEE7382BA}.Debug|Win32.Build.0 = Debug|Win32
		{A6BB2070-E9A8-442C-BC75-577EEE7382BA}.Debug|x64.ActiveCfg = Debug|x64
		{A6BB2070-E9A8-442C-BC75-577EEE7382BA}.Debug|x64.Build.0 = Debug|x64
		{A6BB2070-E9A8-442C-BC75-577EEE7382BA}.Release - amd64|Win32.ActiveCfg = Release|Win32
		{A6BB2070-E9A8-442C-BC75-577EEE7382BA}.Release - amd64|Win32.Build.0 = Release|Win32
		{A6BB2070-E9A8-442C-BC75-577EEE7382BA}.Release - amd64|x64.ActiveCfg = Release|x64
		{A6BB2070-E9A8-442C-BC75-577EEE7382BA}.Release - amd64|x64.Build.0 = Release|x64
		{A6BB2070-E9A8-442C-BC75-577EEE7382BA}.Release|Win32.ActiveCfg = Release|Win32
		{A6BB2070-E9A8-442C-BC75-577EEE7382BA}.Release|Win32.Build.0 = Release|Win32
		{A6BB2070-E9A8-442C-BC75-577EEE7382BA}.Release|x64.ActiveCfg = Release|x64
		{A6BB2070-E9A8-442C-BC75-577EEE7382BA}.Release|x64.Build.0 = Release|x64
		{CCE61C64-AC44-40E2-8E75-034C8F60834F}.Debug - amd64|Win32.ActiveCfg = Debug|Win32
		{CCE61C64-AC44-40E2-8E75-034C8F60834F}.Debug - amd64|Win32.Build.0 = Debug|Win32
		{CCE61C64-AC44-40E2-8E75-034C8F60834F}.Debug - amd64|x64.ActiveCfg = Debug|x64
		{CCE61C64-AC44-40E2-8E75-034C8F60834F}.Debug - amd64|x64.Build.0 = Debug|x64
		{CCE61C64-AC44-40E2-8E75-034C8F60834F}.Debug|Win32.ActiveCfg = Debug|Win32
		{CCE61C64-AC44-40E2-8E75-034C8F60834F}.Debug|Win32.Build.0 = Debug|Win32
		{CCE61C64-AC44-40E2-8E75-034C8F60834F}.Debug|x64.ActiveCfg = Debug|x64
		{CCE61C64-AC44-40E2-8E75-034C8F60834F}.Debug|x64.Build.0 = Debug|x64
		{CCE61C64-AC44-40E2-8E75-034C8F60834F}.Release - amd64|Win32.ActiveCfg = Release|Win32
		{CCE61C64-AC44-40E2-8E75-034C8F60834F}.Release - amd64|Win32.Build.0 = Release|Win32
		{CCE61C64-AC44-40E2-8E75-034C8F60834F}.Release - amd64|x64.ActiveCfg = Release|x64
		{CCE61C64-AC44-40E2-8E75-034C8F60834F}.Release - amd64|x64.Build.0 = Release|x64
		{CCE61C64-AC44-40E2-8E75-034C8F60834F}.Release|Win32.ActiveCfg = Release|Win32
		{CCE61C64-AC44-40E2-8E75-034C8F60834F}.Release|Win32.Build.0 = Release|Win32
		{CCE61C64-AC44-40E2-8E75-034C8F60834F}.Release|x64.ActiveCfg = Release|x64
		{CCE61C64-AC44-40E2-8E75-034C8F60834F}.Release|x64.Build.0 = Release|x64
		{3C61DD27-F69A-4444-A848-A3D98F22DCA8}.Debug - amd64|Win32.ActiveCfg = Debug|Win32
		{3C61DD27-F69A-4444-A848-A3D98F22DCA8}.Debug - amd64|Win32.Build.0 = Debug|Win32
		{3C61DD27-F69A-4444-A848-A3D98F22DCA8}.Debug - amd64|x64.ActiveCfg = Debug|x64
		{3C61DD27-F69A-4444-A848-A3D98F22DCA8}.Debug - amd64|x64.Build.0 = Debug|x64
		{3C61DD27-F69A-4444-A848-A3D98F22DCA8}.Debug|Win32.ActiveCfg = Debug|Win32
		{3C61DD27-F69A-4444-A848-A3D98F22DCA8}.Debug|Win32.Build.0 = Debug|Win32
		{3C61DD27-F69A-4444-A848-A3D98F22DCA8}.Debug|x64.ActiveCfg = Debug|x64
		{3C61DD27-F69A-4444-A848-A3D98F22DCA8}.Debug|x64.Build.0 = Debug|x64
		{3C61DD27-F69A-4444-A848-A3D98F22DCA8}.Release - amd64|Win32.ActiveCfg = Release|Win32
		{3C61DD27-F69A-4444-A848-A3D98F22DCA8}.Release - amd64|Win32.Build.0 = Release|Win32
		{3C61DD27-F69A-4444-A848-A3D98F22DCA8}.Release - amd64|x64.ActiveCfg = Release|x64
		{3C61DD27-F69A-4444-A848-A3D98F22DCA8}.Release - amd64|x64.Build.0 = Release|x64
		{3C61DD27-F69A-4444-A848-A3D98F22DCA8}.Release|Win32.ActiveCfg = Release|Win32
		{3C61DD27-F69A-4444-A848-A3D98F22DCA8}.Release|Win32.Build.0 = Release|Win32
		{3C61DD27-F69A-4444-A848-A3D98F22DCA8}.Release|x64.ActiveCfg = Release|x64
		{3C61DD27-F69A-4444-A848-A3D98F22DCA8}.Release|x64.Build.0 = Release|x64
		{ADC6AA27-C931-4C72-934B-7C3E81929F07}.Debug - amd64|Win32.ActiveCfg = Debug|Win32
		{ADC6AA27-C931-4C72-934B-7C3E81929F07}.Debug - amd64|Win32.Build.0 = Debug|Win32
		{ADC6AA27-C931-4C72-934B-7C3E81929F07}.Debug - amd64|x64.ActiveCfg = Debug|x64
		{ADC6AA27-C931-4C72-934B-7C3E81929F07}.Debug - amd64|x64.Build.0 = Debug|x64
		{ADC6AA27-C931-4C72-934B-7C3E81929F07}.Debug|Win32.ActiveCfg = Debug|Win32
		{ADC6AA27-C931-4C72-934B-7C3E81929F07}.Debug|Win32.Build.0 = Debug|Win32
		{ADC6AA27-C931-4C72-934B-7C3E81929F07}.Debug|x64.ActiveCfg = Debug|x64
		{ADC6AA27-C931-4C72-934B-7C3E81929F07}.Debug|x64.Build.0 = Debug|x64
		{ADC6AA27-C931-4C72-934B-7C3E81929F07}.Release - amd64|Win32.ActiveCfg = Release|Win32
		{ADC6AA27-C931-4C72-934B-7C3E81929F07}.Release - amd64|Win32.Build.0 = Release|Win32
		{ADC6AA27-C931-4C72-934B-7C3E81929F07}.Release - amd64|x64.ActiveCfg = Release|x64
		{ADC6AA27-C931-4C72-934B-7C3E81929F07}.Release - amd64|x64.Build.0 = Release|x64
		{ADC6AA27-C931-4C72-934B-7C3E81929F07}.Release|Win32.ActiveCfg = Release|Win32
		{ADC6AA27-C931-4C72-934B-7C3E81929F07}.Release|Win32.Build.0 = Release|Win32
		{ADC6AA27-C931-4C72-934B-7C3E81929F07}.Release|x64.ActiveCfg = Release|x64
		{ADC6AA27-C931-4C72-934B-7C3E81929F07}.Release|x64.Build.0 = Release|x64
		{03C78F20-271D-4E1B-8440-255E4B2939F3}.Debug - amd64|Win32.ActiveCfg = Debug|Win32
		{03C78F20-271D-4E1B-8440-255E4B2939F3}.Debug - amd64|Win32.Build.0 = Debug|Win32
		{03C78F20-271D-4E1B-8440-255E4B2939F3}.Debug - amd64|x64.ActiveCfg = Debug|x64
		{03C78F20-271D-4E1B-8440-255E4B2939F3}.Debug - amd64|x64.Build.0 = Debug|x64
		{03C78F20-271D-4E1B-8440-255E4B2939F3}.Debug|Win32.ActiveCfg = Debug|Win32
		{03C78F20-271D-4E1B-8440-255E4B2939F3}.Debug|Win32.Build.0 = Debug|Win32
		{03C78F20-271D-4E1B-8440-255E4B2939F3}.Debug|x64.ActiveCfg = Debug|x64
		{03C78F20-271D-4E1B-8440-255E4B2939F3}.Debug|x64.Build.0 = Debug|x64
		{03C78F20-271D-4E1B-8440-255E4B2939F3}.Release - amd64|Win32.ActiveCfg = Release|Win32
		{03C78F20-271D-4E1B-8440-255E4B2939F3}.Release - amd64|Win32.Build.0 = Release|Win32
		{03C78F20-271D-4E1B-8440-255E4B2939F3}.Release - amd64|x64.ActiveCfg = Release|x64
		{03C78F20-271D-4E1B-8440-255E4B2939F3}.Release - amd64|x64.Build.0 = Release|x64
		{03C78F20-271D-4E1B-8440-255E4B2939F3}.Release|Win32.ActiveCfg = Release|Win32
		{03C78F20-271D-4E1B-8440-255E4B2939F3}.Release|Win32.Build.0 = Release|Win32
		{03C78F20-271D-4E1B-8440-255E4B2939F3}.Release|x64.ActiveCfg = Release|x64
		{03C78F20-271D-4E1B-8440-255E4B2939F3}.Release|x64.Build.0 = Release|x64
		{2B05202E-5DD0-4543-99B9-188A23E8139D}.Debug - amd64|Win32.ActiveCfg = Debug|Win32
		{2B05202E-5DD0-4543-99B9-188A23E8139D}.Debug - amd64|Win32.Build.0 = Debug|Win32
		{2B05202E-5DD0-4543-99B9-188A23E8139D}.Debug - amd64|x64.ActiveCfg = Debug|x64
		{2B05202E-5DD0-4543-99B9-188A23E8139D}.Debug - amd64|x64.Build.0 = Debug|x64
		{2B05202E-5DD0-4543-99B9-188A23E8139D}.Debug|Win32.ActiveCfg = Debug|Win32
		{2B05202E-5DD0-4543-99B9-188A23E8139D}.Debug|Win32.Build.0 = Debug|Win32
		{2B05202E-5DD0-4543-99B9-188A23E8139D}.Debug|x64.ActiveCfg = Debug|x64
		{2B05202E-5DD0-4543-99B9-188A23E8139D}.Debug|x64.Build.0 = Debug|x64
		{2B05202E-5DD0-4543-99B9-188A23E8139D}.Release - amd64|Win32.ActiveCfg = Release|Win32
		{2B05202E-5DD0-4543-99B9-188A23E8139D}.Release - amd64|Win32.Build.0 = Release|Win32
		{2B05202E-5DD0-4543-99B9-188A23E8139D}.Release - amd64|x64.ActiveCfg = Release|x64
		{2B05202E-5DD0-4543-99B9-188A23E8139D}.Release - amd64|x64.Build.0 = Release|x64
		{2B05202E-5DD0-4543-99B9-188A23E8139D}.Release|Win32.ActiveCfg = Release|Win32
		{2B05202E-5DD0-4543-99B9-188A23E8139D}.Release|Win32.Build.0 = Release|Win32
		{2B05202E-5DD0-4543-99B9-188A23E8139D}.Release|x64.ActiveCfg = Release|x64
		{2B05202E-5DD0-4543-99B9-188A23E8139D}.Release|x64.Build.0 = Release|x64
		{BCF71D75-2C0F-4B0F-967E-20D2EE52AB08}.Debug - amd64|Win32.ActiveCfg = Debug|Win32
		{BCF71D75-2C0F-4B0F-967E-20D2EE52AB08}.Debug - amd64|Win32.Build.0 = Debug|Win32
		{BCF71D75-2C0F-4B0F-967E-20D2EE52AB08}.Debug - amd64|x64.ActiveCfg = Debug|x64
		{BCF71D75-2C0F-4B0F-967E-20D2EE52AB08}.Debug - amd64|x64.Build.0 = Debug|x64
		{BCF71D75-2C0F-4B0F-967E-20D2EE52AB08}.Debug|Win32.ActiveCfg = Debug|Win32
		{BCF71D75-2C0F-4B0F-967E-20D2EE52AB08}.Debug|Win32.Build.0 = Debug|Win32
		{BCF71D75-2C0F-4B0F-967E-20D2EE52AB08}.Debug|x64.ActiveCfg = Debug|x64
		{BCF71D75-2C0F-4B0F-967E-20D2EE52AB08}.Debug|x64.Build.0 = Debug|x64
		{BCF71D75-2C0F-4B0F-967E-20D2EE52AB08}.Release - amd64|Win32.ActiveCfg = Release|Win32
		{BCF71D75-2C0F-4B0F-967E-20D2EE52AB08}.Release - amd64|Win32.Build.0 = Release|Win32
		{BCF71D75-2C0F-4B0F-967E-20D2EE52AB08}.Release - amd64|x64.ActiveCfg = Release|x64
		{BCF71D75-2C0F-4B0F-967E-20D2EE52AB08}.Release - amd64|x64.Build.0 = Release|x64
		{BCF71D75-2C0F-4B0F-967E-20D2EE52AB08}.Release|Win32.ActiveCfg = Release|Win32
		{BCF71D75-2C0F-4B0F-967E-20D2EE52AB08}.Release|Win32.Build.0 = Release|Win32
		{BCF71D75-2C0F-4B0F-967E-20D2EE52AB08}.Release|x64.ActiveCfg = Release|x64
		{BCF71D75-2C0F-4B0F-967E-20D2EE52AB08}.Release|x64.Build.0 = Release|x64
		{D8FDB582-57E3-40DE-9F35-9764EB1E4148}.Debug - amd64|Win32.ActiveCfg = Debug|Win32
		{D8FDB582-57E3-40DE-9F35-9764EB1E4148}.Debug - amd64|Win32.Build.0 = Debug|Win32
		{D8FDB582-57E3-40DE-9F35-9764EB1E4148}.Debug - amd64|x64.ActiveCfg = Debug|x64
		{D8FDB582-57E3-40DE-9F35-9764EB1E4148}.Debug - amd64|x64.Build.0 = Debug|x64
		{D8FDB582-57E3-40DE-9F35-9764EB1E4148}.Debug|Win32.ActiveCfg = Debug|Win32
		{D8FDB582-57E3-40DE-9F35-9764EB1E4148}.Debug|Win32.Build.0 = Debug|Win32
		{D8FDB582-57E3-40DE-9F35-9764EB1E4148}.Debug|x64.ActiveCfg = Debug|x64
		{D8FDB582-57E3-40DE-9F35-9764EB1E4148}.Debug|x64.Build.0 = Debug|x64
		{D8FDB582-57E3-40DE-9F35-9764EB1E4148}.Release - amd64|Win32.ActiveCfg = Release|Win32
		{D8FDB582-57E3-40DE-9F35-9764EB1E4148}.Release - amd64|Win32.Build.0 = Release|Win32
		{D8FDB582-57E3-40DE-9F35-9764EB1E4148}.Release - amd64|x64.ActiveCfg = Release|x64
		{D8FDB582-57E3-40DE-9F35-9764EB1E4148}.Release - amd64|x64.Build.0 = Release|x64
		{D8FDB582-57E3-40DE-9F35-9764EB1E4148}.Release|Win32.ActiveCfg = Release|Win32
		{D8FDB582-57E3-40DE-9F35-9764EB1E4148}.Release|Win32.Build.0 = Release|Win32
		{D8FDB582-57E3-40DE-9F35-9764EB1E4148}.Release|x64.ActiveCfg = Release|x64
		{D8FDB582-57E3-40DE-9F35-9764EB1E4148}.Release|x64.Build.0 = Release|x64
		{E634DE84-6C6C-4111-90AF-CC9EE0BE9EC9}.Debug - amd64|Win32.ActiveCfg = Debug|Win32
		{E634DE84-6C6C-4111-90AF-CC9EE0BE9EC9}.Debug - amd64|Win32.Build.0 = Debug|Win32
		{E634DE84-6C6C-4111-90AF-CC9EE0BE9EC9}.Debug - amd64|x64.ActiveCfg = Debug|x64
		{E634DE84-6C6C-4111-90AF-CC9EE0BE9EC9}.Debug - amd64|x64.Build.0 = Debug|x64
		{E634DE84-6C6C-4111-90AF-CC9EE0BE9EC9}.Debug|Win32.ActiveCfg = Debug|Win32
		{E634DE84-6C6C-4111-90AF-CC9EE0BE9EC9}.Debug|Win32.Build.0 = Debug|Win32
		{E634DE84-6C6C-4111-90AF-CC9EE0BE9EC9}.Debug|x64.ActiveCfg = Debug|x64
		{E634DE84-6C6C-4111-90AF-CC9EE0BE9EC9}.Debug|x64.Build.0 = Debug|x64
		{E634DE84-6C6C-4111-90AF-CC9EE0BE9EC9}.Release - amd64|Win32.ActiveCfg = Release|Win32
		{E634DE84-6C6C-4111-90AF-CC9EE0BE9EC9}.Release - amd64|Win32.Build.0 = Release|Win32
		{E634DE84-6C6C-4111-90AF-CC9EE0BE9EC9}.Release - amd64|x64.ActiveCfg = Release|x64
		{E634DE84-6C6C-4111-90AF-CC9EE0BE9EC9}.Release - amd64|x64.Build.0 = Release|x64
		{E634DE84-6C6C-4111-90AF-CC9EE0BE9EC9}.Release|Win32.ActiveCfg = Release|Win32
		{E634DE84-6C6C-4111-90AF-CC9EE0BE9EC9}.Release|Win32.Build.0 = Release|Win32
		{E634DE84-6C6C-4111-90AF-CC9EE0BE9EC9}.Release|x64.ActiveCfg = Release|x64
		{E634DE84-6C6C-4111-90AF-CC9EE0BE9EC9}.Release|x64.Build.0 = Release|x64
		{B927591E-977E-41E9-A2A1-C701F39E426A}.Debug - amd64|Win32.ActiveCfg = Debug|Win32
		{B927591E-977E-41E9-A2A1-C701F39E426A}.Debug - amd64|Win32.Build.0 = Debug|Win32
		{B927591E-977E-41E9-A2A1-C701F39E426A}.Debug - amd64|x64.ActiveCfg = Debug|x64
		{B927591E-977E-41E9-A2A1-C701F39E426A}.Debug - amd64|x64.Build.0 = Debug|x64
		{B927591E-977E-41E9-A2A1-C701F39E426A}.Debug|Win32.ActiveCfg = Debug|Win32
		{B927591E-977E-41E9-A2A1-C701F39E426A}.Debug|Win32.Build.0 = Debug|Win32
		{B927591E-977E-41E9-A2A1-C701F39E426A}.Debug|x64.ActiveCfg = Debug|x64
		{B927591E-977E-41E9-A2A1-C701F39E426A}.Debug|x64.Build.0 = Debug|x64
		{B927591E-977E-41E9-A2A1-C701F39E426A}.Release - amd64|Win32.ActiveCfg = Release|Win32
		{B927591E-977E-41E9-A2A1-C701F39E426A}.Release - amd64|Win32.Build.0 = Release|Win32
		{B927591E-977E-41E9-A2A1-C701F39E426A}.Release - amd64|x64.ActiveCfg = Release|x64
		{B927591E-977E-41E9-A2A1-C701F39E426A}.Release - amd64|x64.Build.0 = Release|x64
		{B927591E-977E-41E9-A2A1-C701F39E426A}.Release|Win32.ActiveCfg = Release|Win32
		{B927591E-977E-41E9-A2A1-C701F39E426A}.Release|Win32.Build.0 = Release|Win32
		{B927591E-977E-41E9-A2A1-C701F39E426A}.Release|x64.ActiveCfg = Release|x64
		{B927591E-977E-41E9-A2A1-C701F39E426A}.Release|x64.Build.0 = Release|x64
		{EDF87796-6F09-4C8A-8202-77ADDB81284B}.Debug - amd64|Win32.ActiveCfg = Debug|Win32
		{EDF87796-6F09-4C8A-8202-77ADDB81284B}.Debug - amd64|Win32.Build.0 = Debug|Win32
		{EDF87796-6F09-4C8A-8202-77ADDB81284B}.Debug - amd64|x64.ActiveCfg = Debug|x64
		{EDF87796-6F09-4C8A-8202-77ADDB81284B}.Debug - amd64|x64.Build.0 = Debug|x64
		{EDF87796-6F09-4C8A-8202-77ADDB81284B}.Debug|Win32.ActiveCfg = Debug|Win32
		{EDF87796-6F09-4C8A-8202-77ADDB81284B}.Debug|Win32.Build.0 = Debug|Win32
		{EDF87796-6F09-4C8A-8202-77ADDB81284B}.Debug|x64.ActiveCfg = Debug|x64
		{EDF87796-6F09-4C8A-8202-77ADDB81284B}.Debug|x64.Build.0 = Debug|x64
		{EDF87796-6F09-4C8A-8202-77ADDB81284B}.Release - amd64|Win32.ActiveCfg = Release|Win32
		{EDF87796-6F09-4C8A-8202-77ADDB81284B}.Release - amd64|Win32.Build.0 = Release|Win32
		{EDF87796-6F09-4C8A-8202-77ADDB81284B}.Release - amd64|x64.ActiveCfg = Release|x64
		{EDF87796-6F09-4C8A-8202-77ADDB81284B}.Release - amd64|x64.Build.0 = Release|x64
		{EDF87796-6F09-4C8A-8202-77ADDB81284B}.Release|Win32.ActiveCfg = Release|Win32
		{EDF87796-6F09-4C8A-8202-77ADDB81284B}.Release|Win32.Build.0 = Release|Win32
		{EDF87796-6F09-4C8A-8202-77ADDB81284B}.Release|x64.ActiveCfg = Release|x64
		{EDF87796-6F09-4C8A-8202-77ADDB81284B}.Release|x64.Build.0 = Release|x64
		{61D75468-3718-47EE-BF14-7B1CA51BBAD6}.Debug - amd64|Win32.ActiveCfg = Debug|Win32
		{61D75468-3718-47EE-BF14-7B1CA51BBAD6}.Debug - amd64|Win32.Build.0 = Debug|Win32
		{61D75468-3718-47EE-BF14-7B1CA51BBAD6}.Debug - amd64|x64.ActiveCfg = Debug|x64
		{61D75468-3718-47EE-BF14-7B1CA51BBAD6}.Debug - amd64|x64.Build.0 = Debug|x64
		{61D75468-3718-47EE-BF14-7B1CA51BBAD6}.Debug|Win32.ActiveCfg = Debug|Win32
		{61D75468-3718-47EE-BF14-7B1CA51BBAD6}.Debug|Win32.Build.0 = Debug|Win32
		{61D75468-3718-47EE-BF14-7B1CA51BBAD6}.Debug|x64.ActiveCfg = Debug|x64
		{61D75468-3718-47EE-BF14-7B1CA51BBAD6}.Debug|x64.Build.0 = Debug|x64
		{61D75468-3718-47EE-BF14-7B1CA51BBAD6}.Release - amd64|Win32.ActiveCfg = Release|Win32
		{61D75468-3718-47EE-BF14-7B1CA51BBAD6}.Release - amd64|Win32.Build.0 = Release|Win32
		{61D75468-3718-47EE-BF14-7B1CA51BBAD6}.Release - amd64|x64.ActiveCfg = Release|x64
		{61D75468-3718-47EE-BF14-7B1CA51BBAD6}.Release - amd64|x64.Build.0 = Release|x64
		{61D75468-3718-47EE-BF14-7B1CA51BBAD6}.Release|Win32.ActiveCfg = Release|Win32
		{61D75468-3718-47EE-BF14-7B1CA51BBAD6}.Release|Win32.Build.0 = Release|Win32
		{61D75468-3718-47EE-BF14-7B1CA51BBAD6}.Release|x64.ActiveCfg = Release|x64
		{61D75468-3718-47EE-BF14-7B1CA51BBAD6}.Release|x64.Build.0 = Release|x64
		{A5EFF26A-60FC-42D4-AB5C-E4159E5672AE}.Debug - amd64|Win32.ActiveCfg = Debug|Win32
		{A5EFF26A-60FC-42D4-AB5C-E4159E5672AE}.Debug - amd64|Win32.Build.0 = Debug|Win32
		{A5EFF26A-60FC-42D4-AB5C-E4159E5672AE}.Debug - amd64|x64.ActiveCfg = Debug|x64
		{A5EFF26A-60FC-42D4-AB5C-E4159E5672AE}.Debug - amd64|x64.Build.0 = Debug|x64
		{A5EFF26A-60FC-42D4-AB5C-E4159E5672AE}.Debug|Win32.ActiveCfg = Debug|Win32
		{A5EFF26A-60FC-42D4-AB5C-E4159E5672AE}.Debug|Win32.Build.0 = Debug|Win32
		{A5EFF26A-60FC-42D4-AB5C-E4159E5672AE}.Debug|x64.ActiveCfg = Debug|x64
		{A5EFF26A-60FC-42D4-AB5C-E4159E5672AE}.Debug|x64.Build.0 = Debug|x64
		{A5EFF26A-60FC-42D4-AB5C-E4159E5672AE}.Release - amd64|Win32.ActiveCfg = Release|Win32
		{A5EFF26A-60FC-42D4-AB5C-E4159E5672AE}.Release - amd64|Win32.Build.0 = Release|Win32
		{A5EFF26A-60FC-42D4-AB5C-E4159E5672AE}.Release - amd64|x64.ActiveCfg = Release|x64
		{A5EFF26A-60FC-42D4-AB5C-E4159E5672AE}.Release - amd64|x64.Build.0 = Release|x64
		{A5EFF26A-60FC-42D4-AB5C-E4159E5672AE}.Release|Win32.ActiveCfg = Release|Win32
		{A5EFF26A-60FC-42D4-AB5C-E4159E5672AE}.Release|Win32.Build.0 = Release|Win32
		{A5EFF26A-60FC-42D4-AB5C-E4159E5672AE}.Release|x64.ActiveCfg = Release|x64
		{A5EFF26A-60FC-42D4-AB5C-E4159E5672AE}.Release|x64.Build.0 = Release|x64
		{2F90C820-CD6E-4BA2-A6A1-339147E508AA}.Debug - amd64|Win32.ActiveCfg = Debug|Win32
		{2F90C820-CD6E-4BA2-A6A1-339147E508AA}.Debug - amd64|Win32.Build.0 = Debug|Win32
		{2F90C820-CD6E-4BA2-A6A1-339147E508AA}.Debug - amd64|x64.ActiveCfg = Debug|x64
		{2F90C820-CD6E-4BA2-A6A1-339147E508AA}.Debug - amd64|x64.Build.0 = Debug|x64
		{2F90C820-CD6E-4BA2-A6A1-339147E508AA}.Debug|Win32.ActiveCfg = Debug|Win32
		{2F90C820-CD6E-4BA2-A6A1-339147E508AA}.Debug|Win32.Build.0 = Debug|Win32
		{2F90C820-CD6E-4BA2-A6A1-339147E508AA}.Debug|x64.ActiveCfg = Debug|x64
		{2F90C820-CD6E-4BA2-A6A1-339147E508AA}.Debug|x64.Build.0 = Debug|x64
		{2F90C820-CD6E-4BA2-A6A1-339147E508AA}.Release - amd64|Win32.ActiveCfg = Release|Win32
		{2F90C820-CD6E-4BA2-A6A1-339147E508AA}.Release - amd64|Win32.Build.0 = Release|Win32
		{2F90C820-CD6E-4BA2-A6A1-339147E508AA}.Release - amd64|x64.ActiveCfg = Release|x64
		{2F90C820-CD6E-4BA2-A6A1-339147E508AA}.Release - amd64|x64.Build.0 = Release|x64
		{2F90C820-CD6E-4BA2-A6A1-339147E508AA}.Release|Win32.ActiveCfg = Release|Win32
		{2F90C820-CD6E-4BA2-A6A1-339147E508AA}.Release|Win32.Build.0 = Release|Win32
		{2F90C820-CD6E-4BA2-A6A1-339147E508AA}.Release|x64.ActiveCfg = Release|x64
		{2F90C820-CD6E-4BA2-A6A1-339147E508AA}.Release|x64.Build.0 = Release|x64
		{3623B3B4-90A1-4FC4-B0C3-98580C2A69DA}.Debug - amd64|Win32.ActiveCfg = Debug|Win32
		{3623B3B4-90A1-4FC4-B0C3-98580C2A69DA}.Debug - amd64|Win32.Build.0 = Debug|Win32
		{3623B3B4-90A1-4FC4-B0C3-98580C2A69DA}.Debug - amd64|x64.ActiveCfg = Debug|x64
		{3623B3B4-90A1-4FC4-B0C3-98580C2A69DA}.Debug - amd64|x64.Build.0 = Debug|x64
		{3623B3B4-90A1-4FC4-B0C3-98580C2A69DA}.Debug|Win32.ActiveCfg = Debug|Win32
		{3623B3B4-90A1-4FC4-B0C3-98580C2A69DA}.Debug|Win32.Build.0 = Debug|Win32
		{3623B3B4-90A1-4FC4-B0C3-98580C2A69DA}.Debug|x64.ActiveCfg = Debug|x64
		{3623B3B4-90A1-4FC4-B0C3-98580C2A69DA}.Debug|x64.Build.0 = Debug|x64
		{3623B3B4-90A1-4FC4-B0C3-98580C2A69DA}.Release - amd64|Win32.ActiveCfg = Release|Win32
		{3623B3B4-90A1-4FC4-B0C3-98580C2A69DA}.Release - amd64|Win32.Build.0 = Release|Win32
		{3623B3B4-90A1-4FC4-B0C3-98580C2A69DA}.Release - amd64|x64.ActiveCfg = Release|x64
		{3623B3B4-90A1-4FC4-B0C3-98580C2A69DA}.Release - amd64|x64.Build.0 = Release|x64
		{3623B3B4-90A1-4FC4-B0C3-98580C2A69DA}.Release|Win32.ActiveCfg = Release|Win32
		{3623B3B4-90A1-4FC4-B0C3-98580C2A69DA}.Release|Win32.Build.0 = Release|Win32
		{3623B3B4-90A1-4FC4-B0C3-98580C2A69DA}.Release|x64.ActiveCfg = Release|x64
		{3623B3B4-90A1-4FC4-B0C3-98580C2A69DA}.Release|x64.Build.0 = Release|x64
		{CE1BF5E4-822E-49BB-ACD6-3251CE7D0B67}.Debug - amd64|Win32.ActiveCfg = Debug|Win32
		{CE1BF5E4-822E-49BB-ACD6-3251CE7D0B67}.Debug - amd64|Win32.Build.0 = Debug|Win32
		{CE1BF5E4-822E-49BB-ACD6-3251CE7D0B67}.Debug - amd64|x64.ActiveCfg = Debug|x64
		{CE1BF5E4-822E-49BB-ACD6-3251CE7D0B67}.Debug - amd64|x64.Build.0 = Debug|x64
		{CE1BF5E4-822E-49BB-ACD6-3251CE7D0B67}.Debug|Win32.ActiveCfg = Debug|Win32
		{CE1BF5E4-822E-49BB-ACD6-3251CE7D0B67}.Debug|Win32.Build.0 = Debug|Win32
		{CE1BF5E4-822E-49BB-ACD6-3251CE7D0B67}.Debug|x64.ActiveCfg = Debug|x64
		{CE1BF5E4-822E-49BB-ACD6-3251CE7D0B67}.Debug|x64.Build.0 = Debug|x64
		{CE1BF5E4-822E-49BB-ACD6-3251CE7D0B67}.Release - amd64|Win32.ActiveCfg = Release|Win32
		{CE1BF5E4-822E-49BB-ACD6-3251CE7D0B67}.Release - amd64|Win32.Build.0 = Release|Win32
		{CE1BF5E4-822E-49BB-ACD6-3251CE7D0B67}.Release - amd64|x64.ActiveCfg = Release|x64
		{CE1BF5E4-822E-49BB-ACD6-3251CE7D0B67}.Release - amd64|x64.Build.0 = Release|x64
		{CE1BF5E4-822E-49BB-ACD6-3251CE7D0B67}.Release|Win32.ActiveCfg = Release|Win32
		{CE1BF5E4-822E-49BB-ACD6-3251CE7D0B67}.Release|Win32.Build.0 = Release|Win32
		{CE1BF5E4-822E-49BB-ACD6-3251CE7D0B67}.Release|x64.ActiveCfg = Release|x64
		{CE1BF5E4-822E-49BB-ACD6-3251CE7D0B67}.Release|x64.Build.0 = Release|x64
		{530EC8E4-2422-45EE-9289-0091A4E8E083}.Debug - amd64|Win32.ActiveCfg = Debug|Win32
		{530EC8E4-2422-45EE-9289-0091A4E8E083}.Debug - amd64|Win32.Build.0 = Debug|Win32
		{530EC8E4-2422-45EE-9289-0091A4E8E083}.Debug - amd64|x64.ActiveCfg = Debug|x64
		{530EC8E4-2422-45EE-9289-0091A4E8E083}.Debug - amd64|x64.Build.0 = Debug|x64
		{530EC8E4-2422-45EE-9289-0091A4E8E083}.Debug|Win32.ActiveCfg = Debug|Win32
		{530EC8E4-2422-45EE-9289-0091A4E8E083}.Debug|Win32.Build.0 = Debug|Win32
		{530EC8E4-2422-45EE-9289-0091A4E8E083}.Debug|x64.ActiveCfg = Debug|x64
		{530EC8E4-2422-45EE-9289-0091A4E8E083}.Debug|x64.Build.0 = Debug|x64
		{530EC8E4-2422-45EE-9289-0091A4E8E083}.Release - amd64|Win32.ActiveCfg = Release|Win32
		{530EC8E4-2422-45EE-9289-0091A4E8E083}.Release - amd64|Win32.Build.0 = Release|Win32
		{530EC8E4-2422-45EE-9289-0091A4E8E083}.Release - amd64|x64.ActiveCfg = Release|x64
		{530EC8E4-2422-45EE-9289-0091A4E8E083}.Release - amd64|x64.Build.0 = Release|x64
		{530EC8E4-2422-45EE-9289-0091A4E8E083}.Release|Win32.ActiveCfg = Release|Win32
		{530EC8E4-2422-45EE-9289-0091A4E8E083}.Release|Win32.Build.0 = Release|Win32
		{530EC8E4-2422-45EE-9289-0091A4E8E083}.Release|x64.ActiveCfg = Release|x64
		{530EC8E4-2422-45EE-9289-0091A4E8E083}.Release|x64.Build.0 = Release|x64
		{32F96195-E679-4DE4-8B8B-27D2A3CE1014}.Debug - amd64|Win32.ActiveCfg = Debug|Win32
		{32F96195-E679-4DE4-8B8B-27D2A3CE1014}.Debug - amd64|Win32.Build.0 = Debug|Win32
		{32F96195-E679-4DE4-8B8B-27D2A3CE1014}.Debug - amd64|x64.ActiveCfg = Debug|x64
		{32F96195-E679-4DE4-8B8B-27D2A3CE1014}.Debug - amd64|x64.Build.0 = Debug|x64
		{32F96195-E679-4DE4-8B8B-27D2A3CE1014}.Debug|Win32.ActiveCfg = Debug|Win32
		{32F96195-E679-4DE4-8B8B-27D2A3CE1014}.Debug|Win32.Build.0 = Debug|Win32
		{32F96195-E679-4DE4-8B8B-27D2A3CE1014}.Debug|x64.ActiveCfg = Debug|x64
		{32F96195-E679-4DE4-8B8B-27D2A3CE1014}.Debug|x64.Build.0 = Debug|x64
		{32F96195-E679-4DE4-8B8B-27D2A3CE1014}.Release - amd64|Win32.ActiveCfg = Release|Win32
		{32F96195-E679-4DE4-8B8B-27D2A3CE1014}.Release - amd64|Win32.Build.0 = Release|Win32
		{32F96195-E679-4DE4-8B8B-27D2A3CE1014}.Release - amd64|x64.ActiveCfg = Release|x64
		{32F96195-E679-4DE4-8B8B-27D2A3CE1014}.Release - amd64|x64.Build.0 = Release|x64
		{32F96195-E679-4DE4-8B8B-27D2A3CE1014}.Release|Win32.ActiveCfg = Release|Win32
		{32F96195-E679-4DE4-8B8B-27D2A3CE1014}.Release|Win32.Build.0 = Release|Win32
		{32F96195-E679-4DE4-8B8B-27D2A3CE1014}.Release|x64.ActiveCfg = Release|x64
		{32F96195-E679-4DE4-8B8B-27D2A3CE1014}.Release|x64.Build.0 = Release|x64
		{5F0B4A94-9332-45D5-881E-F9F4C4CD03F6}.Debug - amd64|Win32.ActiveCfg = Debug|Win32
		{5F0B4A94-9332-45D5-881E-F9F4C4CD03F6}.Debug - amd64|Win32.Build.0 = Debug|Win32
		{5F0B4A94-9332-45D5-881E-F9F4C4CD03F6}.Debug - amd64|x64.ActiveCfg = Debug|x64
		{5F0B4A94-9332-45D5-881E-F9F4C4CD03F6}.Debug - amd64|x64.Build.0 = Debug|x64
		{5F0B4A94-9332-45D5-881E-F9F4C4CD03F6}.Debug|Win32.ActiveCfg = Debug|Win32
		{5F0B4A94-9332-45D5-881E-F9F4C4CD03F6}.Debug|Win32.Build.0 = Debug|Win32
		{5F0B4A94-9332-45D5-881E-F9F4C4CD03F6}.Debug|x64.ActiveCfg = Debug|x64
		{5F0B4A94-9332-45D5-881E-F9F4C4CD03F6}.Debug|x64.Build.0 = Debug|x64
		{5F0B4A94-9332-45D5-881E-F9F4C4CD03F6}.Release - amd64|Win32.ActiveCfg = Release|Win32
		{5F0B4A94-9332-45D5-881E-F9F4C4CD03F6}.Release - amd64|Win32.Build.0 = Release|Win32
		{5F0B4A94-9332-45D5-881E-F9F4C4CD03F6}.Release - amd64|x64.ActiveCfg = Release|x64
		{5F0B4A94-9332-45D5-881E-F9F4C4CD03F6}.Release - amd64|x64.Build.0 = Release|x64
		{5F0B4A94-9332-45D5-881E-F9F4C4CD03F6}.Release|Win32.ActiveCfg = Release|Win32
		{5F0B4A94-9332-45D5-881E-F9F4C4CD03F6}.Release|Win32.Build.0 = Release|Win32
		{5F0B4A94-9332-45D5-881E-F9F4C4CD03F6}.Release|x64.ActiveCfg = Release|x64
		{5F0B4A94-9332-45D5-881E-F9F4C4CD03F6}.Release|x64.Build.0 = Release|x64
		{45866BA8-03B2-40FC-9CA5-1BB7A17B10A1}.Debug - amd64|Win32.ActiveCfg = Debug|Win32
		{45866BA8-03B2-40FC-9CA5-1BB7A17B10A1}.Debug - amd64|Win32.Build.0 = Debug|Win32
		{45866BA8-03B2-40FC-9CA5-1BB7A17B10A1}.Debug - amd64|x64.ActiveCfg = Debug|x64
		{45866BA8-03B2-40FC-9CA5-1BB7A17B10A1}.Debug - amd64|x64.Build.0 = Debug|x64
		{45866BA8-03B2-40FC-9CA5-1BB7A17B10A1}.Debug|Win32.ActiveCfg = Debug|Win32
		{45866BA8-03B2-40FC-9CA5-1BB7A17B10A1}.Debug|Win32.Build.0 = Debug|Win32
		{45866BA8-03B2-40FC-9CA5-1BB7A17B10A1}.Debug|x64.ActiveCfg = Debug|x64
		{45866BA8-03B2-40FC-9CA5-1BB7A17B10A1}.Debug|x64.Build.0 = Debug|x64
		{45866BA8-03B2-40FC-9CA5-1BB7A17B10A1}.Release - amd64|Win32.ActiveCfg = Release|Win32
		{45866BA8-03B2-40FC-9CA5-1BB7A17B10A1}.Release - amd64|Win32.Build.0 = Release|Win32
		{45866BA8-03B2-40FC-9CA5-1BB7A17B10A1}.Release - amd64|x64.ActiveCfg = Release|x64
		{45866BA8-03B2-40FC-9CA5-1BB7A17B10A1}.Release - amd64|x64.Build.0 = Release|x64
		{45866BA8-03B2-40FC-9CA5-1BB7A17B10A1}.Release|Win32.ActiveCfg = Release|Win32
		{45866BA8-03B2-40FC-9CA5-1BB7A17B10A1}.Release|Win32.Build.0 = Release|Win32
		{45866BA8-03B2-40FC-9CA5-1BB7A17B10A1}.Release|x64.ActiveCfg = Release|x64
		{45866BA8-03B2-40FC-9CA5-1BB7A17B10A1}.Release|x64.Build.0 = Release|x64
		{9E7B849C-CB9C-499B-B2B2-ECA70C5784D2}.Debug - amd64|Win32.ActiveCfg = Debug|Win32
		{9E7B849C-CB9C-499B-B2B2-ECA70C5784D2}.Debug - amd64|Win32.Build.0 = Debug|Win32
		{9E7B849C-CB9C-499B-B2B2-ECA70C5784D2}.Debug - amd64|x64.ActiveCfg = Debug|x64
		{9E7B849C-CB9C-499B-B2B2-ECA70C5784D2}.Debug - amd64|x64.Build.0 = Debug|x64
		{9E7B849C-CB9C-499B-B2B2-ECA70C5784D2}.Debug|Win32.ActiveCfg = Debug|Win32
		{9E7B849C-CB9C-499B-B2B2-ECA70C5784D2}.Debug|Win32.Build.0 = Debug|Win32
		{9E7B849C-CB9C-499B-B2B2-ECA70C5784D2}.Debug|x64.ActiveCfg = Debug|x64
		{9E7B849C-CB9C-499B-B2B2-ECA70C5784D2}.Debug|x64.Build.0 = Debug|x64
		{9E7B849C-CB9C-499B-B2B2-ECA70C5784D2}.Release - amd64|Win32.ActiveCfg = Release|Win32
		{9E7B849C-CB9C-499B-B2B2-ECA70C5784D2}.Release - amd64|Win32.Build.0 = Release|Win32
		{9E7B849C-CB9C-499B-B2B2-ECA70C5784D2}.Release - amd64|x64.ActiveCfg = Release|x64
		{9E7B849C-CB9C-499B-B2B2-ECA70C5784D2}.Release - amd64|x64.Build.0 = Release|x64
		{9E7B849C-CB9C-499B-B2B2-ECA70C5784D2}.Release|Win32.ActiveCfg = Release|Win32
		{9E7B849C-CB9C-499B-B2B2-ECA70C5784D2}.Release|Win32.Build.0 = Release|Win32
		{9E7B849C-CB9C-499B-B2B2-ECA70C5784D2}.Release|x64.ActiveCfg = Release|x64
		{9E7B849C-CB9C-499B-B2B2-ECA70C5784D2}.Release|x64.Build.0 = Release|x64
		{C2CD3641-0F72-4C10-852B-CAA694D28E86}.Debug - amd64|Win32.ActiveCfg = Debug|Win32
		{C2CD3641-0F72-4C10-852B-CAA694D28E86}.Debug - amd64|Win32.Build.0 = Debug|Win32
		{C2CD3641-0F72-4C10-852B-CAA694D28E86}.Debug - amd64|x64.ActiveCfg = Debug|x64
		{C2CD3641-0F72-4C10-852B-CAA694D28E86}.Debug - amd64|x64.Build.0 = Debug|x64
		{C2CD3641-0F72-4C10-852B-CAA694D28E86}.Debug|Win32.ActiveCfg = Debug|Win32
		{C2CD3641-0F72-4C10-852B-CAA694D28E86}.Debug|Win32.Build.0 = Debug|Win32
		{C2CD3641-0F72-4C10-852B-CAA694D28E86}.Debug|x64.ActiveCfg = Debug|x64
		{C2CD3641-0F72-4C10-852B-CAA694D28E86}.Debug|x64.Build.0 = Debug|x64
		{C2CD3641-0F72-4C10-852B-CAA694D28E86}.Release - amd64|Win32.ActiveCfg = Release|Win32
		{C2CD3641-0F72-4C10-852B-CAA694D28E86}.Release - amd64|Win32.Build.0 = Release|Win32
		{C2CD3641-0F72-4C10-852B-CAA694D28E86}.Release - amd64|x64.ActiveCfg = Release|x64
		{C2CD3641-0F72-4C10-852B-CAA694D28E86}.Release - amd64|x64.Build.0 = Release|x64
		{C2CD3641-0F72-4C10-852B-CAA694D28E86}.Release|Win32.ActiveCfg = Release|Win32
		{C2CD3641-0F72-4C10-852B-CAA694D28E86}.Release|Win32.Build.0 = Release|Win32
		{C2CD3641-0F72-4C10-852B-CAA694D28E86}.Release|x64.ActiveCfg = Release|x64
		{C2CD3641-0F72-4C10-852B-CAA694D28E86}.Release|x64.Build.0 = Release|x64
		{84E063F1-80EF-432B-93A3-90C3159F16DE}.Debug - amd64|Win32.ActiveCfg = Debug|Win32
		{84E063F1-80EF-432B-93A3-90C3159F16DE}.Debug - amd64|Win32.Build.0 = Debug|Win32
		{84E063F1-80EF-432B-93A3-90C3159F16DE}.Debug - amd64|x64.ActiveCfg = Debug|x64
		{84E063F1-80EF-432B-93A3-90C3159F16DE}.Debug - amd64|x64.Build.0 = Debug|x64
		{84E063F1-80EF-432B-93A3-90C3159F16DE}.Debug|Win32.ActiveCfg = Debug|Win32
		{84E063F1-80EF-432B-93A3-90C3159F16DE}.Debug|Win32.Build.0 = Debug|Win32
		{84E063F1-80EF-432B-93A3-90C3159F16DE}.Debug|x64.ActiveCfg = Debug|x64
		{84E063F1-80EF-432B-93A3-90C3159F16DE}.Debug|x64.Build.0 = Debug|x64
		{84E063F1-80EF-432B-93A3-90C3159F16DE}.Release - amd64|Win32.ActiveCfg = Release|Win32
		{84E063F1-80EF-432B-93A3-90C3159F16DE}.Release - amd64|Win32.Build.0 = Release|Win32
		{84E063F1-80EF-432B-93A3-90C3159F16DE}.Release - amd64|x64.ActiveCfg = Release|x64
		{84E063F1-80EF-432B-93A3-90C3159F16DE}.Release - amd64|x64.Build.0 = Release|x64
		{84E063F1-80EF-432B-93A3-90C3159F16DE}.Release|Win32.ActiveCfg = Release|Win32
		{84E063F1-80EF-432B-93A3-90C3159F16DE}.Release|Win32.Build.0 = Release|Win32
		{84E063F1-80EF-432B-93A3-90C3159F16DE}.Release|x64.ActiveCfg = Release|x64
		{84E063F1-80EF-432B-93A3-90C3159F16DE}.Release|x64.Build.0 = Release|x64
		{F624DF2B-5C4C-4FB6-B793-C06C96992589}.Debug - amd64|Win32.ActiveCfg = Debug|Win32
		{F624DF2B-5C4C-4FB6-B793-C06C96992589}.Debug - amd64|Win32.Build.0 = Debug|Win32
		{F624DF2B-5C4C-4FB6-B793-C06C96992589}.Debug - amd64|x64.ActiveCfg = Debug|x64
		{F624DF2B-5C4C-4FB6-B793-C06C96992589}.Debug - amd64|x64.Build.0 = Debug|x64
		{F624DF2B-5C4C-4FB6-B793-C06C96992589}.Debug|Win32.ActiveCfg = Debug|Win32
		{F624DF2B-5C4C-4FB6-B793-C06C96992589}.Debug|Win32.Build.0 = Debug|Win32
		{F624DF2B-5C4C-4FB6-B793-C06C96992589}.Debug|x64.ActiveCfg = Debug|x64
		{F624DF2B-5C4C-4FB6-B793-C06C96992589}.Debug|x64.Build.0 = Debug|x64
		{F624DF2B-5C4C-4FB6-B793-C06C96992589}.Release - amd64|Win32.ActiveCfg = Release|Win32
		{F624DF2B-5C4C-4FB6-B793-C06C96992589}.Release - amd64|Win32.Build.0 = Release|Win32
		{F624DF2B-5C4C-4FB6-B793-C06C96992589}.Release - amd64|x64.ActiveCfg = Release|x64
		{F624DF2B-5C4C-4FB6-B793-C06C96992589}.Release - amd64|x64.Build.0 = Release|x64
		{F624DF2B-5C4C-4FB6-B793-C06C96992589}.Release|Win32.ActiveCfg = Release|Win32
		{F624DF2B-5C4C-4FB6-B793-C06C96992589}.Release|Win32.Build.0 = Release|Win32
		{F624DF2B-5C4C-4FB6-B793-C06C96992589}.Release|x64.ActiveCfg = Release|x64
		{F624DF2B-5C4C-4FB6-B793-C06C96992589}.Release|x64.Build.0 = Release|x64
		{D3CE7E0C-BA79-46DD-A495-6C14E38A9D87}.Debug - amd64|Win32.ActiveCfg = Debug|Win32
		{D3CE7E0C-BA79-46DD-A495-6C14E38A9D87}.Debug - amd64|Win32.Build.0 = Debug|Win32
		{D3CE7E0C-BA79-46DD-A495-6C14E38A9D87}.Debug - amd64|x64.ActiveCfg = Debug|x64
		{D3CE7E0C-BA79-46DD-A495-6C14E38A9D87}.Debug - amd64|x64.Build.0 = Debug|x64
		{D3CE7E0C-BA79-46DD-A495-6C14E38A9D87}.Debug|Win32.ActiveCfg = Debug|Win32
		{D3CE7E0C-BA79-46DD-A495-6C14E38A9D87}.Debug|Win32.Build.0 = Debug|Win32
		{D3CE7E0C-BA79-46DD-A495-6C14E38A9D87}.Debug|x64.ActiveCfg = Debug|x64
		{D3CE7E0C-BA79-46DD-A495-6C14E38A9D87}.Debug|x64.Build.0 = Debug|x64
		{D3CE7E0C-BA79-46DD-A495-6C14E38A9D87}.Release - amd64|Win32.ActiveCfg = Release|Win32
		{D3CE7E0C-BA79-46DD-A495-6C14E38A9D87}.Release - amd64|Win32.Build.0 = Release|Win32
		{D3CE7E0C-BA79-46DD-A495-6C14E38A9D87}.Release - amd64|x64.ActiveCfg = Release|x64
		{D3CE7E0C-BA79-46DD-A495-6C14E38A9D87}.Release - amd64|x64.Build.0 = Release|x64
		{D3CE7E0C-BA79-46DD-A495-6C14E38A9D87}.Release|Win32.ActiveCfg = Release|Win32
		{D3CE7E0C-BA79-46DD-A495-6C14E38A9D87}.Release|Win32.Build.0 = Release|Win32
		{D3CE7E0C-BA79-46DD-A495-6C14E38A9D87}.Release|x64.ActiveCfg = Release|x64
		{D3CE7E0C-BA79-46DD-A495-6C14E38A9D87}.Release|x64.Build.0 = Release|x64
		{A87170B9-C98D-49B1-A54F-EE38DDAFA1DF}.Debug - amd64|Win32.ActiveCfg = Debug|Win32
		{A87170B9-C98D-49B1-A54F-EE38DDAFA1DF}.Debug - amd64|Win32.Build.0 = Debug|Win32
		{A87170B9-C98D-49B1-A54F-EE38DDAFA1DF}.Debug - amd64|x64.ActiveCfg = Debug|x64
		{A87170B9-C98D-49B1-A54F-EE38DDAFA1DF}.Debug - amd64|x64.Build.0 = Debug|x64
		{A87170B9-C98D-49B1-A54F-EE38DDAFA1DF}.Debug|Win32.ActiveCfg = Debug|Win32
		{A87170B9-C98D-49B1-A54F-EE38DDAFA1DF}.Debug|Win32.Build.0 = Debug|Win32
		{A87170B9-C98D-49B1-A54F-EE38DDAFA1DF}.Debug|x64.ActiveCfg = Debug|x64
		{A87170B9-C98D-49B1-A54F-EE38DDAFA1DF}.Debug|x64.Build.0 = Debug|x64
		{A87170B9-C98D-49B1-A54F-EE38DDAFA1DF}.Release - amd64|Win32.ActiveCfg = Release|Win32
		{A87170B9-C98D-49B1-A54F-EE38DDAFA1DF}.Release - amd64|Win32.Build.0 = Release|Win32
		{A87170B9-C98D-49B1-A54F-EE38DDAFA1DF}.Release - amd64|x64.ActiveCfg = Release|x64
		{A87170B9-C98D-49B1-A54F-EE38DDAFA1DF}.Release - amd64|x64.Build.0 = Release|x64
		{A87170B9-C98D-49B1-A54F-EE38DDAFA1DF}.Release|Win32.ActiveCfg = Release|Win32
		{A87170B9-C98D-49B1-A54F-EE38DDAFA1DF}.Release|Win32.Build.0 = Release|Win32
		{A87170B9-C98D-49B1-A54F-EE38DDAFA1DF}.Release|x64.ActiveCfg = Release|x64
		{A87170B9-C98D-49B1-A54F-EE38DDAFA1DF}.Release|x64.Build.0 = Release|x64
		{FABD4AB4-2B79-476C-8A28-EA9406AFFB15}.Debug - amd64|Win32.ActiveCfg = Debug|Win32
		{FABD4AB4-2B79-476C-8A28-EA9406AFFB15}.Debug - amd64|Win32.Build.0 = Debug|Win32
		{FABD4AB4-2B79-476C-8A28-EA9406AFFB15}.Debug - amd64|x64.ActiveCfg = Debug|x64
		{FABD4AB4-2B79-476C-8A28-EA9406AFFB15}.Debug - amd64|x64.Build.0 = Debug|x64
		{FABD4AB4-2B79-476C-8A28-EA9406AFFB15}.Debug|Win32.ActiveCfg = Debug|Win32
		{FABD4AB4-2B79-476C-8A28-EA9406AFFB15}.Debug|Win32.Build.0 = Debug|Win32
		{FABD4AB4-2B79-476C-8A28-EA9406AFFB15}.Debug|x64.ActiveCfg = Debug|x64
		{FABD4AB4-2B79-476C-8A28-EA9406AFFB15}.Debug|x64.Build.0 = Debug|x64
		{FABD4AB4-2B79-476C-8A28-EA9406AFFB15}.Release - amd64|Win32.ActiveCfg = Release|Win32
		{FABD4AB4-2B79-476C-8A28-EA9406AFFB15}.Release - amd64|Win32.Build.0 = Release|Win32
		{FABD4AB4-2B79-476C-8A28-EA9406AFFB15}.Release - amd64|x64.ActiveCfg = Release|x64
		{FABD4AB4-2B79-476C-8A28-EA9406AFFB15}.Release - amd64|x64.Build.0 = Release|x64
		{FABD4AB4-2B79-476C-8A28-EA9406AFFB15}.Release|Win32.ActiveCfg = Release|Win32
		{FABD4AB4-2B79-476C-8A28-EA9406AFFB15}.Release|Win32.Build.0 = Release|Win32
		{FABD4AB4-2B79-476C-8A28-EA9406AFFB15}.Release|x64.ActiveCfg = Release|x64
		{FABD4AB4-2B79-476C-8A28-EA9406AFFB15}.Release|x64.Build.0 = Release|x64
		{5D49CC40-A394-4779-95E4-578B243E0FA3}.Debug - amd64|Win32.ActiveCfg = Debug|Win32
		{5D49CC40-A394-4779-95E4-578B243E0FA3}.Debug - amd64|Win32.Build.0 = Debug|Win32
		{5D49CC40-A394-4779-95E4-578B243E0FA3}.Debug - amd64|x64.ActiveCfg = Debug|x64
		{5D49CC40-A394-4779-95E4-578B243E0FA3}.Debug - amd64|x64.Build.0 = Debug|x64
		{5D49CC40-A394-4779-95E4-578B243E0FA3}.Debug|Win32.ActiveCfg = Debug|Win32
		{5D49CC40-A394-4779-95E4-578B243E0FA3}.Debug|Win32.Build.0 = Debug|Win32
		{5D49CC40-A394-4779-95E4-578B243E0FA3}.Debug|x64.ActiveCfg = Debug|x64
		{5D49CC40-A394-4779-95E4-578B243E0FA3}.Debug|x64.Build.0 = Debug|x64
		{5D49CC40-A394-4779-95E4-578B243E0FA3}.Release - amd64|Win32.ActiveCfg = Release|Win32
		{5D49CC40-A394-4779-95E4-578B243E0FA3}.Release - amd64|Win32.Build.0 = Release|Win32
		{5D49CC40-A394-4779-95E4-578B243E0FA3}.Release - amd64|x64.ActiveCfg = Release|x64
		{5D49CC40-A394-4779-95E4-578B243E0FA3}.Release - amd64|x64.Build.0 = Release|x64
		{5D49CC40-A394-4779-95E4-578B243E0FA3}.Release|Win32.ActiveCfg = Release|Win32
		{5D49CC40-A394-4779-95E4-578B243E0FA3}.Release|Win32.Build.0 = Release|Win32
		{5D49CC40-A394-4779-95E4-578B243E0FA3}.Release|x64.ActiveCfg = Release|x64
		{5D49CC40-A394-4779-95E4-578B243E0FA3}.Release|x64.Build.0 = Release|x64
		{A2BE1C87-2A3B-4252-A388-E19DB50ABA7B}.Debug - amd64|Win32.ActiveCfg = Debug|Win32
		{A2BE1C87-2A3B-4252-A388-E19DB50ABA7B}.Debug - amd64|Win32.Build.0 = Debug|Win32
		{A2BE1C87-2A3B-4252-A388-E19DB50ABA7B}.Debug - amd64|x64.ActiveCfg = Debug|x64
		{A2BE1C87-2A3B-4252-A388-E19DB50ABA7B}.Debug - amd64|x64.Build.0 = Debug|x64
		{A2BE1C87-2A3B-4252-A388-E19DB50ABA7B}.Debug|Win32.ActiveCfg = Debug|Win32
		{A2BE1C87-2A3B-4252-A388-E19DB50ABA7B}.Debug|Win32.Build.0 = Debug|Win32
		{A2BE1C87-2A3B-4252-A388-E19DB50ABA7B}.Debug|x64.ActiveCfg = Debug|x64
		{A2BE1C87-2A3B-4252-A388-E19DB50ABA7B}.Debug|x64.Build.0 = Debug|x64
		{A2BE1C87-2A3B-4252-A388-E19DB50ABA7B}.Release - amd64|Win32.ActiveCfg = Release|Win32
		{A2BE1C87-2A3B-4252-A388-E19DB50ABA7B}.Release - amd64|Win32.Build.0 = Release|Win32
		{A2BE1C87-2A3B-4252-A388-E19DB50ABA7B}.Release - amd64|x64.ActiveCfg = Release|x64
		{A2BE1C87-2A3B-4252-A388-E19DB50ABA7B}.Release - amd64|x64.Build.0 = Release|x64
		{A2BE1C87-2A3B-4252-A388-E19DB50ABA7B}.Release|Win32.ActiveCfg = Release|Win32
		{A2BE1C87-2A3B-4252-A388-E19DB50ABA7B}.Release|Win32.Build.0 = Release|Win32
		{A2BE1C87-2A3B-4252-A388-E19DB50ABA7B}.Release|x64.ActiveCfg = Release|x64
		{A2BE1C87-2A3B-4252-A388-E19DB50ABA7B}.Release|x64.Build.0 = Release|x64
		{749F2EAB-B9E4-4A19-9F65-FDDED97FA75D}.Debug - amd64|Win32.ActiveCfg = Debug|Win32
		{749F2EAB-B9E4-4A19-9F65-FDDED97FA75D}.Debug - amd64|Win32.Build.0 = Debug|Win32
		{749F2EAB-B9E4-4A19-9F65-FDDED97FA75D}.Debug - amd64|x64.ActiveCfg = Debug|x64
		{749F2EAB-B9E4-4A19-9F65-FDDED97FA75D}.Debug - amd64|x64.Build.0 = Debug|x64
		{749F2EAB-B9E4-4A19-9F65-FDDED97FA75D}.Debug|Win32.ActiveCfg = Debug|Win32
		{749F2EAB-B9E4-4A19-9F65-FDDED97FA75D}.Debug|Win32.Build.0 = Debug|Win32
		{749F2EAB-B9E4-4A19-9F65-FDDED97FA75D}.Debug|x64.ActiveCfg = Debug|x64
		{749F2EAB-B9E4-4A19-9F65-FDDED97FA75D}.Debug|x64.Build.0 = Debug|x64
		{749F2EAB-B9E4-4A19-9F65-FDDED97FA75D}.Release - amd64|Win32.ActiveCfg = Release|Win32
		{749F2EAB-B9E4-4A19-9F65-FDDED97FA75D}.Release - amd64|Win32.Build.0 = Release|Win32
		{749F2EAB-B9E4-4A19-9F65-FDDED97FA75D}.Release - amd64|x64.ActiveCfg = Release|x64
		{749F2EAB-B9E4-4A19-9F65-FDDED97FA75D}.Release - amd64|x64.Build.0 = Release|x64
		{749F2EAB-B9E4-4A19-9F65-FDDED97FA75D}.Release|Win32.ActiveCfg = Release|Win32
		{749F2EAB-B9E4-4A19-9F65-FDDED97FA75D}.Release|Win32.Build.0 = Release|Win32
		{749F2EAB-B9E4-4A19-9F65-FDDED97FA75D}.Release|x64.ActiveCfg = Release|x64
		{749F2EAB-B9E4-4A19-9F65-FDDED97FA75D}.Release|x64.Build.0 = Release|x64
		{418F49C2-AAEB-4B87-A65B-158E9945DB3D}.Debug - amd64|Win32.ActiveCfg = Debug|Win32
		{418F49C2-AAEB-4B87-A65B-158E9945DB3D}.Debug - amd64|Win32.Build.0 = Debug|Win32
		{418F49C2-AAEB-4B87-A65B-158E9945DB3D}.Debug - amd64|x64.ActiveCfg = Debug|x64
		{418F49C2-AAEB-4B87-A65B-158E9945DB3D}.Debug - amd64|x64.Build.0 = Debug|x64
		{418F49C2-AAEB-4B87-A65B-158E9945DB3D}.Debug|Win32.ActiveCfg = Debug|Win32
		{418F49C2-AAEB-4B87-A65B-158E9945DB3D}.Debug|Win32.Build.0 = Debug|Win32
		{418F49C2-AAEB-4B87-A65B-158E9945DB3D}.Debug|x64.ActiveCfg = Debug|x64
		{418F49C2-AAEB-4B87-A65B-158E9945DB3D}.Debug|x64.Build.0 = Debug|x64
		{418F49C2-AAEB-4B87-A65B-158E9945DB3D}.Release - amd64|Win32.ActiveCfg = Release|Win32
		{418F49C2-AAEB-4B87-A65B-158E9945DB3D}.Release - amd64|Win32.Build.0 = Release|Win32
		{418F49C2-AAEB-4B87-A65B-158E9945DB3D}.Release - amd64|x64.ActiveCfg = Release|x64
		{418F49C2-AAEB-4B87-A65B-158E9945DB3D}.Release - amd64|x64.Build.0 = Release|x64
		{418F49C2-AAEB-4B87-A65B-158E9945DB3D}.Release|Win32.ActiveCfg = Release|Win32
		{418F49C2-AAEB-4B87-A65B-158E9945DB3D}.Release|Win32.Build.0 = Release|Win32
		{418F49C2-AAEB-4B87-A65B-158E9945DB3D}.Release|x64.ActiveCfg = Release|x64
		{418F49C2-AAEB-4B87-A65B-158E9945DB3D}.Release|x64.Build.0 = Release|x64
		{8D3C11A5-B8D2-4A08-A736-0036A4FA1AA0}.Debug - amd64|Win32.ActiveCfg = Debug|Win32
		{8D3C11A5-B8D2-4A08-A736-0036A4FA1AA0}.Debug - amd64|Win32.Build.0 = Debug|Win32
		{8D3C11A5-B8D2-4A08-A736-0036A4FA1AA0}.Debug - amd64|x64.ActiveCfg = Debug|x64
		{8D3C11A5-B8D2-4A08-A736-0036A4FA1AA0}.Debug - amd64|x64.Build.0 = Debug|x64
		{8D3C11A5-B8D2-4A08-A736-0036A4FA1AA0}.Debug|Win32.ActiveCfg = Debug|Win32
		{8D3C11A5-B8D2-4A08-A736-0036A4FA1AA0}.Debug|Win32.Build.0 = Debug|Win32
		{8D3C11A5-B8D2-4A08-A736-0036A4FA1AA0}.Debug|x64.ActiveCfg = Debug|x64
		{8D3C11A5-B8D2-4A08-A736-0036A4FA1AA0}.Debug|x64.Build.0 = Debug|x64
		{8D3C11A5-B8D2-4A08-A736-0036A4FA1AA0}.Release - amd64|Win32.ActiveCfg = Release|Win32
		{8D3C11A5-B8D2-4A08-A736-0036A4FA1AA0}.Release - amd64|Win32.Build.0 = Release|Win32
		{8D3C11A5-B8D2-4A08-A736-0036A4FA1AA0}.Release - amd64|x64.ActiveCfg = Release|x64
		{8D3C11A5-B8D2-4A08-A736-0036A4FA1AA0}.Release - amd64|x64.Build.0 = Release|x64
		{8D3C11A5-B8D2-4A08-A736-0036A4FA1AA0}.Release|Win32.ActiveCfg = Release|Win32
		{8D3C11A5-B8D2-4A08-A736-0036A4FA1AA0}.Release|Win32.Build.0 = Release|Win32
		{8D3C11A5-B8D2-4A08-A736-0036A4FA1AA0}.Release|x64.ActiveCfg = Release|x64
		{8D3C11A5-B8D2-4A08-A736-0036A4FA1AA0}.Release|x64.Build.0 = Release|x64
		{8ED98E97-7ABE-4460-8C5B-2B626D4AB724}.Debug - amd64|Win32.ActiveCfg = Debug|Win32
		{8ED98E97-7ABE-4460-8C5B-2B626D4AB724}.Debug - amd64|Win32.Build.0 = Debug|Win32
		{8ED98E97-7ABE-4460-8C5B-2B626D4AB724}.Debug - amd64|x64.ActiveCfg = Debug|x64
		{8ED98E97-7ABE-4460-8C5B-2B626D4AB724}.Debug - amd64|x64.Build.0 = Debug|x64
		{8ED98E97-7ABE-4460-8C5B-2B626D4AB724}.Debug|Win32.ActiveCfg = Debug|Win32
		{8ED98E97-7ABE-4460-8C5B-2B626D4AB724}.Debug|Win32.Build.0 = Debug|Win32
		{8ED98E97-7ABE-4460-8C5B-2B626D4AB724}.Debug|x64.ActiveCfg = Debug|x64
		{8ED98E97-7ABE-4460-8C5B-2B626D4AB724}.Debug|x64.Build.0 = Debug|x64
		{8ED98E97-7ABE-4460-8C5B-2B626D4AB724}.Release - amd64|Win32.ActiveCfg = Release|Win32
		{8ED98E97-7ABE-4460-8C5B-2B626D4AB724}.Release - amd64|Win32.Build.0 = Release|Win32
		{8ED98E97-7ABE-4460-8C5B-2B626D4AB724}.Release - amd64|x64.ActiveCfg = Release|x64
		{8ED98E97-7ABE-4460-8C5B-2B626D4AB724}.Release - amd64|x64.Build.0 = Release|x64
		{8ED98E97-7ABE-4460-8C5B-2B626D4AB724}.Release|Win32.ActiveCfg = Release|Win32
		{8ED98E97-7ABE-4460-8C5B-2B626D4AB724}.Release|Win32.Build.0 = Release|Win32
		{8ED98E97-7ABE-4460-8C5B-2B626D4AB724}.Release|x64.ActiveCfg = Release|x64
		{8ED98E97-7ABE-4460-8C5B-2B626D4AB724}.Release|x64.Build.0 = Release|x64
		{E02D98C1-D49E-417A-8F36-7AB27E831626}.Debug - amd64|Win32.ActiveCfg = Debug|Win32
		{E02D98C1-D49E-417A-8F36-7AB27E831626}.Debug - amd64|Win32.Build.0 = Debug|Win32
		{E02D98C1-D49E-417A-8F36-7AB27E831626}.Debug - amd64|x64.ActiveCfg = Debug|x64
		{E02D98C1-D49E-417A-8F36-7AB27E831626}.Debug - amd64|x64.Build.0 = Debug|x64
		{E02D98C1-D49E-417A-8F36-7AB27E831626}.Debug|Win32.ActiveCfg = Debug|Win32
		{E02D98C1-D49E-417A-8F36-7AB27E831626}.Debug|Win32.Build.0 = Debug|Win32
		{E02D98C1-D49E-417A-8F36-7AB27E831626}.Debug|x64.ActiveCfg = Debug|x64
		{E02D98C1-D49E-417A-8F36-7AB27E831626}.Debug|x64.Build.0 = Debug|x64
		{E02D98C1-D49E-417A-8F36-7AB27E831626}.Release - amd64|Win32.ActiveCfg = Release|Win32
		{E02D98C1-D49E-417A-8F36-7AB27E831626}.Release - amd64|Win32.Build.0 = Release|Win32
		{E02D98C1-D49E-417A-8F36-7AB27E831626}.Release - amd64|x64.ActiveCfg = Release|x64
		{E02D98C1-D49E-417A-8F36-7AB27E831626}.Release - amd64|x64.Build.0 = Release|x64
		{E02D98C1-D49E-417A-8F36-7AB27E831626}.Release|Win32.ActiveCfg = Release|Win32
		{E02D98C1-D49E-417A-8F36-7AB27E831626}.Release|Win32.Build.0 = Release|Win32
		{E02D98C1-D49E-417A-8F36-7AB27E831626}.Release|x64.ActiveCfg = Release|x64
		{E02D98C1-D49E-417A-8F36-7AB27E831626}.Release|x64.Build.0 = Release|x64
	EndGlobalSection
	GlobalSection(SolutionProperties) = preSolution
		HideSolutionNode = FALSE
	EndGlobalSection
	GlobalSection(ExtensibilityGlobals) = postSolution
		SolutionGuid = {21513734-6966-409D-9A6F-87AD761433D3}
	EndGlobalSection
	GlobalSection(DPCodeReviewSolutionGUID) = preSolution
		DPCodeReviewSolutionGUID = {00000000-0000-0000-0000-000000000000}
	EndGlobalSection
EndGlobal
